// !$*UTF8*$!
{
	archiveVersion = 1;
	classes = {
	};
	objectVersion = 50;
	objects = {

/* Begin PBXContainerItemProxy section */
		DC063D8123B3792E00ED37D4 /* PBXContainerItemProxy */ = {
			isa = PBXContainerItemProxy;
			containerPortal = DC063D7923B3792D00ED37D4 /* 2668.xcodeproj */;
			proxyType = 2;
			remoteGlobalIDString = DC063D6F23B3792D00ED37D4;
			remoteInfo = 2668;
		};
		DC063DA023B38B4000ED37D4 /* PBXContainerItemProxy */ = {
			isa = PBXContainerItemProxy;
			containerPortal = DC063D9C23B38B3F00ED37D4 /* 2250.xcodeproj */;
			proxyType = 2;
			remoteGlobalIDString = DC063D9223B38B3F00ED37D4;
			remoteInfo = 2250;
		};
		DC09991623B5EAAB004D6DFB /* PBXContainerItemProxy */ = {
			isa = PBXContainerItemProxy;
			containerPortal = DC09990423B5EAAA004D6DFB /* 2914.xcodeproj */;
			proxyType = 2;
			remoteGlobalIDString = DC0998FA23B5EAAA004D6DFB;
			remoteInfo = 2914;
		};
		DC0F57A6239730780035FA0B /* PBXContainerItemProxy */ = {
			isa = PBXContainerItemProxy;
			containerPortal = DC0F57A2239730780035FA0B /* 9205.xcodeproj */;
			proxyType = 2;
			remoteGlobalIDString = DC0F5798239730770035FA0B;
			remoteInfo = 9205;
		};
		DC0F57BF239734F40035FA0B /* PBXContainerItemProxy */ = {
			isa = PBXContainerItemProxy;
			containerPortal = DC0F57BB239734F30035FA0B /* 1939.xcodeproj */;
			proxyType = 2;
			remoteGlobalIDString = DC0F57B1239734F30035FA0B;
			remoteInfo = 1939;
		};
		DC0F57D823974C810035FA0B /* PBXContainerItemProxy */ = {
			isa = PBXContainerItemProxy;
			containerPortal = DC0F57D423974C800035FA0B /* 5719.xcodeproj */;
			proxyType = 2;
			remoteGlobalIDString = DC0F57CA23974C800035FA0B;
			remoteInfo = 5719;
		};
		DC13A67623B460910099BEAE /* PBXContainerItemProxy */ = {
			isa = PBXContainerItemProxy;
			containerPortal = DC13A67223B460900099BEAE /* 1300.xcodeproj */;
			proxyType = 2;
			remoteGlobalIDString = DC13A66823B460900099BEAE;
			remoteInfo = 1300;
		};
		DC13A69B23B469880099BEAE /* PBXContainerItemProxy */ = {
			isa = PBXContainerItemProxy;
			containerPortal = DC13A69723B469870099BEAE /* 3020.xcodeproj */;
			proxyType = 2;
			remoteGlobalIDString = DC13A68D23B469870099BEAE;
			remoteInfo = 3020;
		};
		DC705DD523BB13DC00AED1DB /* PBXContainerItemProxy */ = {
			isa = PBXContainerItemProxy;
			containerPortal = DC705DB723BB13DB00AED1DB /* 4504.xcodeproj */;
			proxyType = 2;
			remoteGlobalIDString = DC705DAD23BB13DB00AED1DB;
			remoteInfo = 4504;
		};
		DC705DF323BB166500AED1DB /* PBXContainerItemProxy */ = {
			isa = PBXContainerItemProxy;
			containerPortal = DC705DEF23BB166400AED1DB /* 1964.xcodeproj */;
			proxyType = 2;
			remoteGlobalIDString = DC705DE523BB166400AED1DB;
			remoteInfo = 1964;
		};
		DC705E0C23BB18F300AED1DB /* PBXContainerItemProxy */ = {
			isa = PBXContainerItemProxy;
			containerPortal = DC705E0823BB18F200AED1DB /* 1834.xcodeproj */;
			proxyType = 2;
			remoteGlobalIDString = DC705DFE23BB18F200AED1DB;
			remoteInfo = 1834;
		};
		DC705E2523BB1A2A00AED1DB /* PBXContainerItemProxy */ = {
			isa = PBXContainerItemProxy;
			containerPortal = DC705E2123BB1A2900AED1DB /* 9506.xcodeproj */;
			proxyType = 2;
			remoteGlobalIDString = DC705E1723BB1A2900AED1DB;
			remoteInfo = 9506;
		};
		DC705E3E23BB1DB000AED1DB /* PBXContainerItemProxy */ = {
			isa = PBXContainerItemProxy;
			containerPortal = DC705E3A23BB1DAF00AED1DB /* 1024.xcodeproj */;
			proxyType = 2;
			remoteGlobalIDString = DC705E3023BB1DAF00AED1DB;
			remoteInfo = 1024;
		};
		DC75323D2390A20300D5BE44 /* PBXContainerItemProxy */ = {
			isa = PBXContainerItemProxy;
			containerPortal = DC7532392390A20200D5BE44 /* 6593.xcodeproj */;
			proxyType = 2;
			remoteGlobalIDString = DC75322F2390A20200D5BE44;
			remoteInfo = 6593;
		};
		DC7532562390AC6300D5BE44 /* PBXContainerItemProxy */ = {
			isa = PBXContainerItemProxy;
			containerPortal = DC7532522390AC6200D5BE44 /* 1613.xcodeproj */;
			proxyType = 2;
			remoteGlobalIDString = DC7532482390AC6200D5BE44;
			remoteInfo = 1613;
		};
		DC75326F2390B32200D5BE44 /* PBXContainerItemProxy */ = {
			isa = PBXContainerItemProxy;
			containerPortal = DC75326B2390B32100D5BE44 /* 1726.xcodeproj */;
			proxyType = 2;
			remoteGlobalIDString = DC7532612390B32100D5BE44;
			remoteInfo = 1726;
		};
		DC77B88123A4D27800D6D49F /* PBXContainerItemProxy */ = {
			isa = PBXContainerItemProxy;
			containerPortal = DC77B87923A4D27700D6D49F /* 3184.xcodeproj */;
			proxyType = 2;
			remoteGlobalIDString = DC77B86F23A4D27700D6D49F;
			remoteInfo = 3184;
		};
		DC7C6C8123C455C400F5858B /* PBXContainerItemProxy */ = {
			isa = PBXContainerItemProxy;
			containerPortal = DC7C6C6723C455C300F5858B /* 2355.xcodeproj */;
			proxyType = 2;
			remoteGlobalIDString = DC7C6C5D23C455C300F5858B;
			remoteInfo = 2355;
		};
		DC7C6CD023C45CED00F5858B /* PBXContainerItemProxy */ = {
			isa = PBXContainerItemProxy;
			containerPortal = DC7C6CC923C45CEC00F5858B /* 10569.xcodeproj */;
			proxyType = 2;
			remoteGlobalIDString = DC7C6CBF23C45CEC00F5858B;
			remoteInfo = 10569;
		};
		DC7C6D0B23C45D8200F5858B /* PBXContainerItemProxy */ = {
			isa = PBXContainerItemProxy;
			containerPortal = DC7C6D0723C45D8100F5858B /* 2903.xcodeproj */;
			proxyType = 2;
			remoteGlobalIDString = DC7C6CFD23C45D8100F5858B;
			remoteInfo = 2903;
		};
		DC7C6D2423C460D900F5858B /* PBXContainerItemProxy */ = {
			isa = PBXContainerItemProxy;
			containerPortal = DC7C6D2023C460D900F5858B /* 1919.xcodeproj */;
			proxyType = 2;
			remoteGlobalIDString = DC7C6D1623C460D900F5858B;
			remoteInfo = 1919;
		};
		DC7C6D3D23C4630100F5858B /* PBXContainerItemProxy */ = {
			isa = PBXContainerItemProxy;
			containerPortal = DC7C6D3923C4630000F5858B /* 2921.xcodeproj */;
			proxyType = 2;
			remoteGlobalIDString = DC7C6D2F23C4630000F5858B;
			remoteInfo = 2921;
		};
		DC7C6D5623C4652400F5858B /* PBXContainerItemProxy */ = {
			isa = PBXContainerItemProxy;
			containerPortal = DC7C6D5223C4652400F5858B /* 1722.xcodeproj */;
			proxyType = 2;
			remoteGlobalIDString = DC7C6D4823C4652400F5858B;
			remoteInfo = 1722;
		};
		DC7C6D6F23C46F4100F5858B /* PBXContainerItemProxy */ = {
			isa = PBXContainerItemProxy;
			containerPortal = DC7C6D6B23C46F4000F5858B /* 1138.xcodeproj */;
			proxyType = 2;
			remoteGlobalIDString = DC7C6D6123C46F4000F5858B;
			remoteInfo = 1138;
		};
		DC7C6D8823C470EA00F5858B /* PBXContainerItemProxy */ = {
			isa = PBXContainerItemProxy;
			containerPortal = DC7C6D8423C470E900F5858B /* 1297.xcodeproj */;
			proxyType = 2;
			remoteGlobalIDString = DC7C6D7A23C470E900F5858B;
			remoteInfo = 1297;
		};
		DC7C6DA123C4737300F5858B /* PBXContainerItemProxy */ = {
			isa = PBXContainerItemProxy;
			containerPortal = DC7C6D9D23C4737200F5858B /* 1267.xcodeproj */;
			proxyType = 2;
			remoteGlobalIDString = DC7C6D9323C4737200F5858B;
			remoteInfo = 1267;
		};
		DC85954423B9C41D0059DF7A /* PBXContainerItemProxy */ = {
			isa = PBXContainerItemProxy;
			containerPortal = DC85953123B9C41C0059DF7A /* 2965.xcodeproj */;
			proxyType = 2;
			remoteGlobalIDString = DC85952723B9C41C0059DF7A;
			remoteInfo = 2965;
		};
		DC85956423B9C69D0059DF7A /* PBXContainerItemProxy */ = {
			isa = PBXContainerItemProxy;
			containerPortal = DC85956023B9C69C0059DF7A /* 2864.xcodeproj */;
			proxyType = 2;
			remoteGlobalIDString = DC85955623B9C69C0059DF7A;
			remoteInfo = 2864;
		};
		DC85957D23B9C8840059DF7A /* PBXContainerItemProxy */ = {
			isa = PBXContainerItemProxy;
			containerPortal = DC85957923B9C8830059DF7A /* 1629.xcodeproj */;
			proxyType = 2;
			remoteGlobalIDString = DC85956F23B9C8830059DF7A;
			remoteInfo = 1629;
		};
		DC85959623B9D0DF0059DF7A /* PBXContainerItemProxy */ = {
			isa = PBXContainerItemProxy;
			containerPortal = DC85959223B9D0DE0059DF7A /* 1075.xcodeproj */;
			proxyType = 2;
			remoteGlobalIDString = DC85958823B9D0DE0059DF7A;
			remoteInfo = 1075;
		};
		DC8595AF23B9D5D80059DF7A /* PBXContainerItemProxy */ = {
			isa = PBXContainerItemProxy;
			containerPortal = DC8595AB23B9D5D70059DF7A /* 1789.xcodeproj */;
			proxyType = 2;
			remoteGlobalIDString = DC8595A123B9D5D70059DF7A;
			remoteInfo = 1789;
		};
		DC8595C823B9DB6B0059DF7A /* PBXContainerItemProxy */ = {
			isa = PBXContainerItemProxy;
			containerPortal = DC8595C423B9DB6A0059DF7A /* 1652.xcodeproj */;
			proxyType = 2;
			remoteGlobalIDString = DC8595BA23B9DB6A0059DF7A;
			remoteInfo = 1652;
		};
		DC8595E123B9E17C0059DF7A /* PBXContainerItemProxy */ = {
			isa = PBXContainerItemProxy;
			containerPortal = DC8595DD23B9E17B0059DF7A /* 1357.xcodeproj */;
			proxyType = 2;
			remoteGlobalIDString = DC8595D323B9E17B0059DF7A;
			remoteInfo = 1357;
		};
		DC8595FA23B9E24F0059DF7A /* PBXContainerItemProxy */ = {
			isa = PBXContainerItemProxy;
			containerPortal = DC8595F623B9E24E0059DF7A /* 2407.xcodeproj */;
			proxyType = 2;
			remoteGlobalIDString = DC8595EC23B9E24E0059DF7A;
			remoteInfo = 2407;
		};
		DC85961323B9F1040059DF7A /* PBXContainerItemProxy */ = {
			isa = PBXContainerItemProxy;
			containerPortal = DC85960F23B9F1030059DF7A /* 1016.xcodeproj */;
			proxyType = 2;
			remoteGlobalIDString = DC85960523B9F1030059DF7A;
			remoteInfo = 1016;
		};
		DCFDBDF423B5B00300C29B0C /* PBXContainerItemProxy */ = {
			isa = PBXContainerItemProxy;
			containerPortal = DCFDBDF023B5B00200C29B0C /* 1072.xcodeproj */;
			proxyType = 2;
			remoteGlobalIDString = DCFDBDE623B5B00200C29B0C;
			remoteInfo = 1072;
		};
		DCFDBE1B23B5B47300C29B0C /* PBXContainerItemProxy */ = {
			isa = PBXContainerItemProxy;
			containerPortal = DCFDBE1723B5B47200C29B0C /* 1037.xcodeproj */;
			proxyType = 2;
			remoteGlobalIDString = DCFDBE0D23B5B47200C29B0C;
			remoteInfo = 1037;
		};
		DCFDBE3423B5B5EA00C29B0C /* PBXContainerItemProxy */ = {
			isa = PBXContainerItemProxy;
			containerPortal = DCFDBE3023B5B5EA00C29B0C /* 1977.xcodeproj */;
			proxyType = 2;
			remoteGlobalIDString = DCFDBE2623B5B5EA00C29B0C;
			remoteInfo = 1977;
		};
		DCFDBE4D23B5B85400C29B0C /* PBXContainerItemProxy */ = {
			isa = PBXContainerItemProxy;
			containerPortal = DCFDBE4923B5B85300C29B0C /* 2010.xcodeproj */;
			proxyType = 2;
			remoteGlobalIDString = DCFDBE3F23B5B85300C29B0C;
			remoteInfo = 2010;
		};
		DCFDBE6623B5B97E00C29B0C /* PBXContainerItemProxy */ = {
			isa = PBXContainerItemProxy;
			containerPortal = DCFDBE6223B5B97D00C29B0C /* 1057.xcodeproj */;
			proxyType = 2;
			remoteGlobalIDString = DCFDBE5823B5B97D00C29B0C;
			remoteInfo = 1057;
		};
		DCFDBE7F23B5C68A00C29B0C /* PBXContainerItemProxy */ = {
			isa = PBXContainerItemProxy;
			containerPortal = DCFDBE7B23B5C68900C29B0C /* 1076.xcodeproj */;
			proxyType = 2;
			remoteGlobalIDString = DCFDBE7123B5C68900C29B0C;
			remoteInfo = 1076;
		};
		DCFDBE9823B5CA6600C29B0C /* PBXContainerItemProxy */ = {
			isa = PBXContainerItemProxy;
			containerPortal = DCFDBE9423B5CA6600C29B0C /* 1074.xcodeproj */;
			proxyType = 2;
			remoteGlobalIDString = DCFDBE8A23B5CA6600C29B0C;
			remoteInfo = 1074;
		};
		DCFFA182238CB3C200CC6B83 /* PBXContainerItemProxy */ = {
			isa = PBXContainerItemProxy;
			containerPortal = DCFFA17E238CB3C200CC6B83 /* 5427.xcodeproj */;
			proxyType = 2;
			remoteGlobalIDString = DCFFA174238CB3C200CC6B83;
			remoteInfo = 5427;
		};
		DCFFA19B238CB3EC00CC6B83 /* PBXContainerItemProxy */ = {
			isa = PBXContainerItemProxy;
			containerPortal = DCFFA197238CB3EB00CC6B83 /* 9372.xcodeproj */;
			proxyType = 2;
			remoteGlobalIDString = DCFFA18D238CB3EB00CC6B83;
			remoteInfo = 9372;
		};
		DCFFA1B4238CC93100CC6B83 /* PBXContainerItemProxy */ = {
			isa = PBXContainerItemProxy;
			containerPortal = DCFFA1B0238CC93000CC6B83 /* 15954.xcodeproj */;
			proxyType = 2;
			remoteGlobalIDString = DCFFA1A6238CC93000CC6B83;
			remoteInfo = 15954;
		};
/* End PBXContainerItemProxy section */

/* Begin PBXCopyFilesBuildPhase section */
		DCFFA15F238CB35E00CC6B83 /* CopyFiles */ = {
			isa = PBXCopyFilesBuildPhase;
			buildActionMask = 2147483647;
			dstPath = /usr/share/man/man1/;
			dstSubfolderSpec = 0;
			files = (
			);
			runOnlyForDeploymentPostprocessing = 1;
		};
/* End PBXCopyFilesBuildPhase section */

/* Begin PBXFileReference section */
		DC063D7923B3792D00ED37D4 /* 2668.xcodeproj */ = {isa = PBXFileReference; lastKnownFileType = "wrapper.pb-project"; name = 2668.xcodeproj; path = 2668/2668.xcodeproj; sourceTree = "<group>"; };
		DC063D9C23B38B3F00ED37D4 /* 2250.xcodeproj */ = {isa = PBXFileReference; lastKnownFileType = "wrapper.pb-project"; name = 2250.xcodeproj; path = 2250/2250.xcodeproj; sourceTree = "<group>"; };
		DC09990423B5EAAA004D6DFB /* 2914.xcodeproj */ = {isa = PBXFileReference; lastKnownFileType = "wrapper.pb-project"; name = 2914.xcodeproj; path = 2914/2914.xcodeproj; sourceTree = "<group>"; };
		DC0F5788239730480035FA0B /* Algorithm */ = {isa = PBXFileReference; explicitFileType = "compiled.mach-o.executable"; includeInIndex = 0; path = Algorithm; sourceTree = BUILT_PRODUCTS_DIR; };
		DC0F57A2239730780035FA0B /* 9205.xcodeproj */ = {isa = PBXFileReference; lastKnownFileType = "wrapper.pb-project"; name = 9205.xcodeproj; path = 9205/9205.xcodeproj; sourceTree = "<group>"; };
		DC0F57BB239734F30035FA0B /* 1939.xcodeproj */ = {isa = PBXFileReference; lastKnownFileType = "wrapper.pb-project"; name = 1939.xcodeproj; path = 1939/1939.xcodeproj; sourceTree = "<group>"; };
		DC0F57D423974C800035FA0B /* 5719.xcodeproj */ = {isa = PBXFileReference; lastKnownFileType = "wrapper.pb-project"; name = 5719.xcodeproj; path = 5719/5719.xcodeproj; sourceTree = "<group>"; };
		DC13A67223B460900099BEAE /* 1300.xcodeproj */ = {isa = PBXFileReference; lastKnownFileType = "wrapper.pb-project"; name = 1300.xcodeproj; path = 1300/1300.xcodeproj; sourceTree = "<group>"; };
		DC13A69723B469870099BEAE /* 3020.xcodeproj */ = {isa = PBXFileReference; lastKnownFileType = "wrapper.pb-project"; name = 3020.xcodeproj; path = 3020/3020.xcodeproj; sourceTree = "<group>"; };
		DC705DB723BB13DB00AED1DB /* 4504.xcodeproj */ = {isa = PBXFileReference; lastKnownFileType = "wrapper.pb-project"; name = 4504.xcodeproj; path = 4504/4504.xcodeproj; sourceTree = "<group>"; };
		DC705DEF23BB166400AED1DB /* 1964.xcodeproj */ = {isa = PBXFileReference; lastKnownFileType = "wrapper.pb-project"; name = 1964.xcodeproj; path = 1964/1964.xcodeproj; sourceTree = "<group>"; };
		DC705E0823BB18F200AED1DB /* 1834.xcodeproj */ = {isa = PBXFileReference; lastKnownFileType = "wrapper.pb-project"; name = 1834.xcodeproj; path = 1834/1834.xcodeproj; sourceTree = "<group>"; };
		DC705E2123BB1A2900AED1DB /* 9506.xcodeproj */ = {isa = PBXFileReference; lastKnownFileType = "wrapper.pb-project"; name = 9506.xcodeproj; path = 15954/9506/9506.xcodeproj; sourceTree = "<group>"; };
		DC705E3A23BB1DAF00AED1DB /* 1024.xcodeproj */ = {isa = PBXFileReference; lastKnownFileType = "wrapper.pb-project"; name = 1024.xcodeproj; path = 15954/1024/1024.xcodeproj; sourceTree = "<group>"; };
		DC7532392390A20200D5BE44 /* 6593.xcodeproj */ = {isa = PBXFileReference; lastKnownFileType = "wrapper.pb-project"; name = 6593.xcodeproj; path = 6593/6593.xcodeproj; sourceTree = "<group>"; };
		DC7532522390AC6200D5BE44 /* 1613.xcodeproj */ = {isa = PBXFileReference; lastKnownFileType = "wrapper.pb-project"; name = 1613.xcodeproj; path = 1613/1613.xcodeproj; sourceTree = "<group>"; };
		DC75326B2390B32100D5BE44 /* 1726.xcodeproj */ = {isa = PBXFileReference; lastKnownFileType = "wrapper.pb-project"; name = 1726.xcodeproj; path = 1726/1726.xcodeproj; sourceTree = "<group>"; };
		DC77B87923A4D27700D6D49F /* 3184.xcodeproj */ = {isa = PBXFileReference; lastKnownFileType = "wrapper.pb-project"; name = 3184.xcodeproj; path = 3184/3184.xcodeproj; sourceTree = "<group>"; };
		DC7C6C6723C455C300F5858B /* 2355.xcodeproj */ = {isa = PBXFileReference; lastKnownFileType = "wrapper.pb-project"; name = 2355.xcodeproj; path = 15954/2355/2355.xcodeproj; sourceTree = "<group>"; };
		DC7C6CC923C45CEC00F5858B /* 10569.xcodeproj */ = {isa = PBXFileReference; lastKnownFileType = "wrapper.pb-project"; name = 10569.xcodeproj; path = 15954/10569/10569.xcodeproj; sourceTree = "<group>"; };
		DC7C6D0723C45D8100F5858B /* 2903.xcodeproj */ = {isa = PBXFileReference; lastKnownFileType = "wrapper.pb-project"; name = 2903.xcodeproj; path = 15954/2903/2903.xcodeproj; sourceTree = "<group>"; };
		DC7C6D2023C460D900F5858B /* 1919.xcodeproj */ = {isa = PBXFileReference; lastKnownFileType = "wrapper.pb-project"; name = 1919.xcodeproj; path = 15954/1919/1919.xcodeproj; sourceTree = "<group>"; };
		DC7C6D3923C4630000F5858B /* 2921.xcodeproj */ = {isa = PBXFileReference; lastKnownFileType = "wrapper.pb-project"; name = 2921.xcodeproj; path = 15954/2921/2921.xcodeproj; sourceTree = "<group>"; };
		DC7C6D5223C4652400F5858B /* 1722.xcodeproj */ = {isa = PBXFileReference; lastKnownFileType = "wrapper.pb-project"; name = 1722.xcodeproj; path = 15954/1722/1722.xcodeproj; sourceTree = "<group>"; };
		DC7C6D6B23C46F4000F5858B /* 1138.xcodeproj */ = {isa = PBXFileReference; lastKnownFileType = "wrapper.pb-project"; name = 1138.xcodeproj; path = 15954/1138/1138.xcodeproj; sourceTree = "<group>"; };
		DC7C6D8423C470E900F5858B /* 1297.xcodeproj */ = {isa = PBXFileReference; lastKnownFileType = "wrapper.pb-project"; name = 1297.xcodeproj; path = 15954/1297/1297.xcodeproj; sourceTree = "<group>"; };
		DC7C6D9D23C4737200F5858B /* 1267.xcodeproj */ = {isa = PBXFileReference; lastKnownFileType = "wrapper.pb-project"; name = 1267.xcodeproj; path = 15954/1267/1267.xcodeproj; sourceTree = "<group>"; };
		DC85953123B9C41C0059DF7A /* 2965.xcodeproj */ = {isa = PBXFileReference; lastKnownFileType = "wrapper.pb-project"; name = 2965.xcodeproj; path = 2965/2965.xcodeproj; sourceTree = "<group>"; };
		DC85956023B9C69C0059DF7A /* 2864.xcodeproj */ = {isa = PBXFileReference; lastKnownFileType = "wrapper.pb-project"; name = 2864.xcodeproj; path = 2864/2864.xcodeproj; sourceTree = "<group>"; };
		DC85957923B9C8830059DF7A /* 1629.xcodeproj */ = {isa = PBXFileReference; lastKnownFileType = "wrapper.pb-project"; name = 1629.xcodeproj; path = 1629/1629.xcodeproj; sourceTree = "<group>"; };
		DC85959223B9D0DE0059DF7A /* 1075.xcodeproj */ = {isa = PBXFileReference; lastKnownFileType = "wrapper.pb-project"; name = 1075.xcodeproj; path = 1075/1075.xcodeproj; sourceTree = "<group>"; };
		DC8595AB23B9D5D70059DF7A /* 1789.xcodeproj */ = {isa = PBXFileReference; lastKnownFileType = "wrapper.pb-project"; name = 1789.xcodeproj; path = 1789/1789.xcodeproj; sourceTree = "<group>"; };
		DC8595C423B9DB6A0059DF7A /* 1652.xcodeproj */ = {isa = PBXFileReference; lastKnownFileType = "wrapper.pb-project"; name = 1652.xcodeproj; path = 1652/1652.xcodeproj; sourceTree = "<group>"; };
		DC8595DD23B9E17B0059DF7A /* 1357.xcodeproj */ = {isa = PBXFileReference; lastKnownFileType = "wrapper.pb-project"; name = 1357.xcodeproj; path = 1357/1357.xcodeproj; sourceTree = "<group>"; };
		DC8595F623B9E24E0059DF7A /* 2407.xcodeproj */ = {isa = PBXFileReference; lastKnownFileType = "wrapper.pb-project"; name = 2407.xcodeproj; path = 2407/2407.xcodeproj; sourceTree = "<group>"; };
		DC85960F23B9F1030059DF7A /* 1016.xcodeproj */ = {isa = PBXFileReference; lastKnownFileType = "wrapper.pb-project"; name = 1016.xcodeproj; path = 1016/1016.xcodeproj; sourceTree = "<group>"; };
		DCFDBDF023B5B00200C29B0C /* 1072.xcodeproj */ = {isa = PBXFileReference; lastKnownFileType = "wrapper.pb-project"; name = 1072.xcodeproj; path = 1072/1072.xcodeproj; sourceTree = "<group>"; };
		DCFDBE1723B5B47200C29B0C /* 1037.xcodeproj */ = {isa = PBXFileReference; lastKnownFileType = "wrapper.pb-project"; name = 1037.xcodeproj; path = 1037/1037.xcodeproj; sourceTree = "<group>"; };
		DCFDBE3023B5B5EA00C29B0C /* 1977.xcodeproj */ = {isa = PBXFileReference; lastKnownFileType = "wrapper.pb-project"; name = 1977.xcodeproj; path = 1977/1977.xcodeproj; sourceTree = "<group>"; };
		DCFDBE4923B5B85300C29B0C /* 2010.xcodeproj */ = {isa = PBXFileReference; lastKnownFileType = "wrapper.pb-project"; name = 2010.xcodeproj; path = 2010/2010.xcodeproj; sourceTree = "<group>"; };
		DCFDBE6223B5B97D00C29B0C /* 1057.xcodeproj */ = {isa = PBXFileReference; lastKnownFileType = "wrapper.pb-project"; name = 1057.xcodeproj; path = 1057/1057.xcodeproj; sourceTree = "<group>"; };
		DCFDBE7B23B5C68900C29B0C /* 1076.xcodeproj */ = {isa = PBXFileReference; lastKnownFileType = "wrapper.pb-project"; name = 1076.xcodeproj; path = 1076/1076.xcodeproj; sourceTree = "<group>"; };
		DCFDBE9423B5CA6600C29B0C /* 1074.xcodeproj */ = {isa = PBXFileReference; lastKnownFileType = "wrapper.pb-project"; name = 1074.xcodeproj; path = 1074/1074.xcodeproj; sourceTree = "<group>"; };
		DCFFA17E238CB3C200CC6B83 /* 5427.xcodeproj */ = {isa = PBXFileReference; lastKnownFileType = "wrapper.pb-project"; name = 5427.xcodeproj; path = 5427/5427.xcodeproj; sourceTree = "<group>"; };
		DCFFA197238CB3EB00CC6B83 /* 9372.xcodeproj */ = {isa = PBXFileReference; lastKnownFileType = "wrapper.pb-project"; name = 9372.xcodeproj; path = 9372/9372.xcodeproj; sourceTree = "<group>"; };
		DCFFA1B0238CC93000CC6B83 /* 15954.xcodeproj */ = {isa = PBXFileReference; lastKnownFileType = "wrapper.pb-project"; name = 15954.xcodeproj; path = 15954/15954.xcodeproj; sourceTree = "<group>"; };
/* End PBXFileReference section */

/* Begin PBXFrameworksBuildPhase section */
		DCFFA15E238CB35E00CC6B83 /* Frameworks */ = {
			isa = PBXFrameworksBuildPhase;
			buildActionMask = 2147483647;
			files = (
			);
			runOnlyForDeploymentPostprocessing = 0;
		};
/* End PBXFrameworksBuildPhase section */

/* Begin PBXGroup section */
		DC063D7A23B3792D00ED37D4 /* Products */ = {
			isa = PBXGroup;
			children = (
				DC063D8223B3792E00ED37D4 /* 2668 */,
			);
			name = Products;
			sourceTree = "<group>";
		};
		DC063D9D23B38B3F00ED37D4 /* Products */ = {
			isa = PBXGroup;
			children = (
				DC063DA123B38B4000ED37D4 /* 2250 */,
			);
			name = Products;
			sourceTree = "<group>";
		};
		DC09990523B5EAAA004D6DFB /* Products */ = {
			isa = PBXGroup;
			children = (
				DC09991723B5EAAB004D6DFB /* 2914 */,
			);
			name = Products;
			sourceTree = "<group>";
		};
		DC0F57A3239730780035FA0B /* Products */ = {
			isa = PBXGroup;
			children = (
				DC0F57A7239730780035FA0B /* 9205 */,
			);
			name = Products;
			sourceTree = "<group>";
		};
		DC0F57BC239734F30035FA0B /* Products */ = {
			isa = PBXGroup;
			children = (
				DC0F57C0239734F40035FA0B /* 1939 */,
			);
			name = Products;
			sourceTree = "<group>";
		};
		DC0F57D523974C800035FA0B /* Products */ = {
			isa = PBXGroup;
			children = (
				DC0F57D923974C810035FA0B /* 5719 */,
			);
			name = Products;
			sourceTree = "<group>";
		};
		DC13A67323B460900099BEAE /* Products */ = {
			isa = PBXGroup;
			children = (
				DC13A67723B460910099BEAE /* 1300 */,
			);
			name = Products;
			sourceTree = "<group>";
		};
		DC13A69823B469870099BEAE /* Products */ = {
			isa = PBXGroup;
			children = (
				DC13A69C23B469880099BEAE /* 3020 */,
			);
			name = Products;
			sourceTree = "<group>";
		};
		DC705DB823BB13DB00AED1DB /* Products */ = {
			isa = PBXGroup;
			children = (
				DC705DD623BB13DC00AED1DB /* 4504 */,
			);
			name = Products;
			sourceTree = "<group>";
		};
		DC705DF023BB166400AED1DB /* Products */ = {
			isa = PBXGroup;
			children = (
				DC705DF423BB166500AED1DB /* 1964 */,
			);
			name = Products;
			sourceTree = "<group>";
		};
		DC705E0923BB18F200AED1DB /* Products */ = {
			isa = PBXGroup;
			children = (
				DC705E0D23BB18F300AED1DB /* 1834 */,
			);
			name = Products;
			sourceTree = "<group>";
		};
		DC705E2223BB1A2900AED1DB /* Products */ = {
			isa = PBXGroup;
			children = (
				DC705E2623BB1A2A00AED1DB /* 9506 */,
			);
			name = Products;
			sourceTree = "<group>";
		};
		DC705E3B23BB1DAF00AED1DB /* Products */ = {
			isa = PBXGroup;
			children = (
				DC705E3F23BB1DB000AED1DB /* 1024 */,
			);
			name = Products;
			sourceTree = "<group>";
		};
		DC75323A2390A20200D5BE44 /* Products */ = {
			isa = PBXGroup;
			children = (
				DC75323E2390A20300D5BE44 /* 6593 */,
			);
			name = Products;
			sourceTree = "<group>";
		};
		DC7532532390AC6200D5BE44 /* Products */ = {
			isa = PBXGroup;
			children = (
				DC7532572390AC6300D5BE44 /* 1613 */,
			);
			name = Products;
			sourceTree = "<group>";
		};
		DC75326C2390B32100D5BE44 /* Products */ = {
			isa = PBXGroup;
			children = (
				DC7532702390B32200D5BE44 /* 1726 */,
			);
			name = Products;
			sourceTree = "<group>";
		};
		DC77B87A23A4D27700D6D49F /* Products */ = {
			isa = PBXGroup;
			children = (
				DC77B88223A4D27800D6D49F /* 3184 */,
			);
			name = Products;
			sourceTree = "<group>";
		};
		DC7C6C6823C455C300F5858B /* Products */ = {
			isa = PBXGroup;
			children = (
				DC7C6C8223C455C400F5858B /* 2355 */,
			);
			name = Products;
			sourceTree = "<group>";
		};
		DC7C6CCA23C45CEC00F5858B /* Products */ = {
			isa = PBXGroup;
			children = (
				DC7C6CD123C45CED00F5858B /* 10569 */,
			);
			name = Products;
			sourceTree = "<group>";
		};
		DC7C6D0823C45D8100F5858B /* Products */ = {
			isa = PBXGroup;
			children = (
				DC7C6D0C23C45D8200F5858B /* 2903 */,
			);
			name = Products;
			sourceTree = "<group>";
		};
		DC7C6D2123C460D900F5858B /* Products */ = {
			isa = PBXGroup;
			children = (
				DC7C6D2523C460D900F5858B /* 1919 */,
			);
			name = Products;
			sourceTree = "<group>";
		};
		DC7C6D3A23C4630000F5858B /* Products */ = {
			isa = PBXGroup;
			children = (
				DC7C6D3E23C4630100F5858B /* 2921 */,
			);
			name = Products;
			sourceTree = "<group>";
		};
		DC7C6D5323C4652400F5858B /* Products */ = {
			isa = PBXGroup;
			children = (
				DC7C6D5723C4652400F5858B /* 1722 */,
			);
			name = Products;
			sourceTree = "<group>";
		};
		DC7C6D6C23C46F4000F5858B /* Products */ = {
			isa = PBXGroup;
			children = (
				DC7C6D7023C46F4100F5858B /* 1138 */,
			);
			name = Products;
			sourceTree = "<group>";
		};
		DC7C6D8523C470E900F5858B /* Products */ = {
			isa = PBXGroup;
			children = (
				DC7C6D8923C470EA00F5858B /* 1297 */,
			);
			name = Products;
			sourceTree = "<group>";
		};
		DC7C6D9E23C4737200F5858B /* Products */ = {
			isa = PBXGroup;
			children = (
				DC7C6DA223C4737300F5858B /* 1267 */,
			);
			name = Products;
			sourceTree = "<group>";
		};
		DC85953223B9C41C0059DF7A /* Products */ = {
			isa = PBXGroup;
			children = (
				DC85954523B9C41D0059DF7A /* 2965 */,
			);
			name = Products;
			sourceTree = "<group>";
		};
		DC85956123B9C69C0059DF7A /* Products */ = {
			isa = PBXGroup;
			children = (
				DC85956523B9C69D0059DF7A /* 2864 */,
			);
			name = Products;
			sourceTree = "<group>";
		};
		DC85957A23B9C8830059DF7A /* Products */ = {
			isa = PBXGroup;
			children = (
				DC85957E23B9C8840059DF7A /* 1629 */,
			);
			name = Products;
			sourceTree = "<group>";
		};
		DC85959323B9D0DE0059DF7A /* Products */ = {
			isa = PBXGroup;
			children = (
				DC85959723B9D0DF0059DF7A /* 1075 */,
			);
			name = Products;
			sourceTree = "<group>";
		};
		DC8595AC23B9D5D70059DF7A /* Products */ = {
			isa = PBXGroup;
			children = (
				DC8595B023B9D5D80059DF7A /* 1789 */,
			);
			name = Products;
			sourceTree = "<group>";
		};
		DC8595C523B9DB6A0059DF7A /* Products */ = {
			isa = PBXGroup;
			children = (
				DC8595C923B9DB6B0059DF7A /* 1652 */,
			);
			name = Products;
			sourceTree = "<group>";
		};
		DC8595DE23B9E17B0059DF7A /* Products */ = {
			isa = PBXGroup;
			children = (
				DC8595E223B9E17C0059DF7A /* 1357 */,
			);
			name = Products;
			sourceTree = "<group>";
		};
		DC8595F723B9E24E0059DF7A /* Products */ = {
			isa = PBXGroup;
			children = (
				DC8595FB23B9E24F0059DF7A /* 2407 */,
			);
			name = Products;
			sourceTree = "<group>";
		};
		DC85961023B9F1030059DF7A /* Products */ = {
			isa = PBXGroup;
			children = (
				DC85961423B9F1040059DF7A /* 1016 */,
			);
			name = Products;
			sourceTree = "<group>";
		};
		DCFDBDF123B5B00200C29B0C /* Products */ = {
			isa = PBXGroup;
			children = (
				DCFDBDF523B5B00300C29B0C /* 1072 */,
			);
			name = Products;
			sourceTree = "<group>";
		};
		DCFDBE1823B5B47200C29B0C /* Products */ = {
			isa = PBXGroup;
			children = (
				DCFDBE1C23B5B47300C29B0C /* 1037 */,
			);
			name = Products;
			sourceTree = "<group>";
		};
		DCFDBE3123B5B5EA00C29B0C /* Products */ = {
			isa = PBXGroup;
			children = (
				DCFDBE3523B5B5EA00C29B0C /* 1977 */,
			);
			name = Products;
			sourceTree = "<group>";
		};
		DCFDBE4A23B5B85300C29B0C /* Products */ = {
			isa = PBXGroup;
			children = (
				DCFDBE4E23B5B85400C29B0C /* 2010 */,
			);
			name = Products;
			sourceTree = "<group>";
		};
		DCFDBE6323B5B97D00C29B0C /* Products */ = {
			isa = PBXGroup;
			children = (
				DCFDBE6723B5B97E00C29B0C /* 1057 */,
			);
			name = Products;
			sourceTree = "<group>";
		};
		DCFDBE7C23B5C68900C29B0C /* Products */ = {
			isa = PBXGroup;
			children = (
				DCFDBE8023B5C68A00C29B0C /* 1076 */,
			);
			name = Products;
			sourceTree = "<group>";
		};
		DCFDBE9523B5CA6600C29B0C /* Products */ = {
			isa = PBXGroup;
			children = (
				DCFDBE9923B5CA6600C29B0C /* 1074 */,
			);
			name = Products;
			sourceTree = "<group>";
		};
		DCFFA158238CB35E00CC6B83 = {
			isa = PBXGroup;
			children = (
				DC7C6D9D23C4737200F5858B /* 1267.xcodeproj */,
				DC7C6D8423C470E900F5858B /* 1297.xcodeproj */,
				DC7C6D6B23C46F4000F5858B /* 1138.xcodeproj */,
				DC7C6D5223C4652400F5858B /* 1722.xcodeproj */,
				DC7C6D3923C4630000F5858B /* 2921.xcodeproj */,
				DC7C6D2023C460D900F5858B /* 1919.xcodeproj */,
				DC7C6D0723C45D8100F5858B /* 2903.xcodeproj */,
				DC7C6CC923C45CEC00F5858B /* 10569.xcodeproj */,
				DC7C6C6723C455C300F5858B /* 2355.xcodeproj */,
				DC705E3A23BB1DAF00AED1DB /* 1024.xcodeproj */,
				DC705E2123BB1A2900AED1DB /* 9506.xcodeproj */,
				DC705E0823BB18F200AED1DB /* 1834.xcodeproj */,
				DC705DEF23BB166400AED1DB /* 1964.xcodeproj */,
				DC705DB723BB13DB00AED1DB /* 4504.xcodeproj */,
				DC85960F23B9F1030059DF7A /* 1016.xcodeproj */,
				DC8595F623B9E24E0059DF7A /* 2407.xcodeproj */,
				DC8595DD23B9E17B0059DF7A /* 1357.xcodeproj */,
				DC8595C423B9DB6A0059DF7A /* 1652.xcodeproj */,
				DC8595AB23B9D5D70059DF7A /* 1789.xcodeproj */,
				DC85959223B9D0DE0059DF7A /* 1075.xcodeproj */,
				DC85957923B9C8830059DF7A /* 1629.xcodeproj */,
				DC85956023B9C69C0059DF7A /* 2864.xcodeproj */,
				DC85953123B9C41C0059DF7A /* 2965.xcodeproj */,
				DC09990423B5EAAA004D6DFB /* 2914.xcodeproj */,
				DCFDBE9423B5CA6600C29B0C /* 1074.xcodeproj */,
				DCFDBE7B23B5C68900C29B0C /* 1076.xcodeproj */,
				DCFDBE6223B5B97D00C29B0C /* 1057.xcodeproj */,
				DCFDBE4923B5B85300C29B0C /* 2010.xcodeproj */,
				DCFDBE3023B5B5EA00C29B0C /* 1977.xcodeproj */,
				DCFDBE1723B5B47200C29B0C /* 1037.xcodeproj */,
				DCFDBDF023B5B00200C29B0C /* 1072.xcodeproj */,
				DC13A69723B469870099BEAE /* 3020.xcodeproj */,
				DC13A67223B460900099BEAE /* 1300.xcodeproj */,
				DC063D9C23B38B3F00ED37D4 /* 2250.xcodeproj */,
				DC063D7923B3792D00ED37D4 /* 2668.xcodeproj */,
				DC77B87923A4D27700D6D49F /* 3184.xcodeproj */,
				DC0F57D423974C800035FA0B /* 5719.xcodeproj */,
				DC0F57BB239734F30035FA0B /* 1939.xcodeproj */,
				DC0F57A2239730780035FA0B /* 9205.xcodeproj */,
				DC75326B2390B32100D5BE44 /* 1726.xcodeproj */,
				DC7532522390AC6200D5BE44 /* 1613.xcodeproj */,
				DC7532392390A20200D5BE44 /* 6593.xcodeproj */,
				DCFFA1B0238CC93000CC6B83 /* 15954.xcodeproj */,
				DCFFA197238CB3EB00CC6B83 /* 9372.xcodeproj */,
				DCFFA17E238CB3C200CC6B83 /* 5427.xcodeproj */,
				DC0F5788239730480035FA0B /* Algorithm */,
			);
			sourceTree = "<group>";
		};
		DCFFA17F238CB3C200CC6B83 /* Products */ = {
			isa = PBXGroup;
			children = (
				DCFFA183238CB3C200CC6B83 /* 5427 */,
			);
			name = Products;
			sourceTree = "<group>";
		};
		DCFFA198238CB3EB00CC6B83 /* Products */ = {
			isa = PBXGroup;
			children = (
				DCFFA19C238CB3EC00CC6B83 /* 9372 */,
			);
			name = Products;
			sourceTree = "<group>";
		};
		DCFFA1B1238CC93000CC6B83 /* Products */ = {
			isa = PBXGroup;
			children = (
				DCFFA1B5238CC93100CC6B83 /* 15954 */,
			);
			name = Products;
			sourceTree = "<group>";
		};
/* End PBXGroup section */

/* Begin PBXNativeTarget section */
		DCFFA160238CB35E00CC6B83 /* Algorithm */ = {
			isa = PBXNativeTarget;
			buildConfigurationList = DCFFA168238CB35E00CC6B83 /* Build configuration list for PBXNativeTarget "Algorithm" */;
			buildPhases = (
				DCFFA15D238CB35E00CC6B83 /* Sources */,
				DCFFA15E238CB35E00CC6B83 /* Frameworks */,
				DCFFA15F238CB35E00CC6B83 /* CopyFiles */,
			);
			buildRules = (
			);
			dependencies = (
			);
			name = Algorithm;
			productName = Algorithm;
			productReference = DC0F5788239730480035FA0B /* Algorithm */;
			productType = "com.apple.product-type.tool";
		};
/* End PBXNativeTarget section */

/* Begin PBXProject section */
		DCFFA159238CB35E00CC6B83 /* Project object */ = {
			isa = PBXProject;
			attributes = {
				LastUpgradeCheck = 1130;
				ORGANIZATIONNAME = "진준호";
				TargetAttributes = {
					DCFFA160238CB35E00CC6B83 = {
						CreatedOnToolsVersion = 11.2.1;
					};
				};
			};
			buildConfigurationList = DCFFA15C238CB35E00CC6B83 /* Build configuration list for PBXProject "Algorithm" */;
			compatibilityVersion = "Xcode 9.3";
			developmentRegion = en;
			hasScannedForEncodings = 0;
			knownRegions = (
				en,
				Base,
			);
			mainGroup = DCFFA158238CB35E00CC6B83;
			productRefGroup = DCFFA158238CB35E00CC6B83;
			projectDirPath = "";
			projectReferences = (
				{
					ProductGroup = DC85961023B9F1030059DF7A /* Products */;
					ProjectRef = DC85960F23B9F1030059DF7A /* 1016.xcodeproj */;
				},
				{
					ProductGroup = DC705E3B23BB1DAF00AED1DB /* Products */;
					ProjectRef = DC705E3A23BB1DAF00AED1DB /* 1024.xcodeproj */;
				},
				{
					ProductGroup = DCFDBE1823B5B47200C29B0C /* Products */;
					ProjectRef = DCFDBE1723B5B47200C29B0C /* 1037.xcodeproj */;
				},
				{
					ProductGroup = DC7C6CCA23C45CEC00F5858B /* Products */;
					ProjectRef = DC7C6CC923C45CEC00F5858B /* 10569.xcodeproj */;
				},
				{
					ProductGroup = DCFDBE6323B5B97D00C29B0C /* Products */;
					ProjectRef = DCFDBE6223B5B97D00C29B0C /* 1057.xcodeproj */;
				},
				{
					ProductGroup = DCFDBDF123B5B00200C29B0C /* Products */;
					ProjectRef = DCFDBDF023B5B00200C29B0C /* 1072.xcodeproj */;
				},
				{
					ProductGroup = DCFDBE9523B5CA6600C29B0C /* Products */;
					ProjectRef = DCFDBE9423B5CA6600C29B0C /* 1074.xcodeproj */;
				},
				{
					ProductGroup = DC85959323B9D0DE0059DF7A /* Products */;
					ProjectRef = DC85959223B9D0DE0059DF7A /* 1075.xcodeproj */;
				},
				{
					ProductGroup = DCFDBE7C23B5C68900C29B0C /* Products */;
					ProjectRef = DCFDBE7B23B5C68900C29B0C /* 1076.xcodeproj */;
				},
				{
					ProductGroup = DC7C6D6C23C46F4000F5858B /* Products */;
					ProjectRef = DC7C6D6B23C46F4000F5858B /* 1138.xcodeproj */;
				},
				{
					ProductGroup = DC7C6D9E23C4737200F5858B /* Products */;
					ProjectRef = DC7C6D9D23C4737200F5858B /* 1267.xcodeproj */;
				},
				{
					ProductGroup = DC7C6D8523C470E900F5858B /* Products */;
					ProjectRef = DC7C6D8423C470E900F5858B /* 1297.xcodeproj */;
				},
				{
					ProductGroup = DC13A67323B460900099BEAE /* Products */;
					ProjectRef = DC13A67223B460900099BEAE /* 1300.xcodeproj */;
				},
				{
					ProductGroup = DC8595DE23B9E17B0059DF7A /* Products */;
					ProjectRef = DC8595DD23B9E17B0059DF7A /* 1357.xcodeproj */;
				},
				{
					ProductGroup = DCFFA1B1238CC93000CC6B83 /* Products */;
					ProjectRef = DCFFA1B0238CC93000CC6B83 /* 15954.xcodeproj */;
				},
				{
					ProductGroup = DC7532532390AC6200D5BE44 /* Products */;
					ProjectRef = DC7532522390AC6200D5BE44 /* 1613.xcodeproj */;
				},
				{
					ProductGroup = DC85957A23B9C8830059DF7A /* Products */;
					ProjectRef = DC85957923B9C8830059DF7A /* 1629.xcodeproj */;
				},
				{
					ProductGroup = DC8595C523B9DB6A0059DF7A /* Products */;
					ProjectRef = DC8595C423B9DB6A0059DF7A /* 1652.xcodeproj */;
				},
				{
					ProductGroup = DC7C6D5323C4652400F5858B /* Products */;
					ProjectRef = DC7C6D5223C4652400F5858B /* 1722.xcodeproj */;
				},
				{
					ProductGroup = DC75326C2390B32100D5BE44 /* Products */;
					ProjectRef = DC75326B2390B32100D5BE44 /* 1726.xcodeproj */;
				},
				{
					ProductGroup = DC8595AC23B9D5D70059DF7A /* Products */;
					ProjectRef = DC8595AB23B9D5D70059DF7A /* 1789.xcodeproj */;
				},
				{
					ProductGroup = DC705E0923BB18F200AED1DB /* Products */;
					ProjectRef = DC705E0823BB18F200AED1DB /* 1834.xcodeproj */;
				},
				{
					ProductGroup = DC7C6D2123C460D900F5858B /* Products */;
					ProjectRef = DC7C6D2023C460D900F5858B /* 1919.xcodeproj */;
				},
				{
					ProductGroup = DC0F57BC239734F30035FA0B /* Products */;
					ProjectRef = DC0F57BB239734F30035FA0B /* 1939.xcodeproj */;
				},
				{
					ProductGroup = DC705DF023BB166400AED1DB /* Products */;
					ProjectRef = DC705DEF23BB166400AED1DB /* 1964.xcodeproj */;
				},
				{
					ProductGroup = DCFDBE3123B5B5EA00C29B0C /* Products */;
					ProjectRef = DCFDBE3023B5B5EA00C29B0C /* 1977.xcodeproj */;
				},
				{
					ProductGroup = DCFDBE4A23B5B85300C29B0C /* Products */;
					ProjectRef = DCFDBE4923B5B85300C29B0C /* 2010.xcodeproj */;
				},
				{
					ProductGroup = DC063D9D23B38B3F00ED37D4 /* Products */;
					ProjectRef = DC063D9C23B38B3F00ED37D4 /* 2250.xcodeproj */;
				},
				{
					ProductGroup = DC7C6C6823C455C300F5858B /* Products */;
					ProjectRef = DC7C6C6723C455C300F5858B /* 2355.xcodeproj */;
				},
				{
					ProductGroup = DC8595F723B9E24E0059DF7A /* Products */;
					ProjectRef = DC8595F623B9E24E0059DF7A /* 2407.xcodeproj */;
				},
				{
					ProductGroup = DC063D7A23B3792D00ED37D4 /* Products */;
					ProjectRef = DC063D7923B3792D00ED37D4 /* 2668.xcodeproj */;
				},
				{
					ProductGroup = DC85956123B9C69C0059DF7A /* Products */;
					ProjectRef = DC85956023B9C69C0059DF7A /* 2864.xcodeproj */;
				},
				{
					ProductGroup = DC7C6D0823C45D8100F5858B /* Products */;
					ProjectRef = DC7C6D0723C45D8100F5858B /* 2903.xcodeproj */;
				},
				{
					ProductGroup = DC09990523B5EAAA004D6DFB /* Products */;
					ProjectRef = DC09990423B5EAAA004D6DFB /* 2914.xcodeproj */;
				},
				{
					ProductGroup = DC7C6D3A23C4630000F5858B /* Products */;
					ProjectRef = DC7C6D3923C4630000F5858B /* 2921.xcodeproj */;
				},
				{
					ProductGroup = DC85953223B9C41C0059DF7A /* Products */;
					ProjectRef = DC85953123B9C41C0059DF7A /* 2965.xcodeproj */;
				},
				{
					ProductGroup = DC13A69823B469870099BEAE /* Products */;
					ProjectRef = DC13A69723B469870099BEAE /* 3020.xcodeproj */;
				},
				{
					ProductGroup = DC77B87A23A4D27700D6D49F /* Products */;
					ProjectRef = DC77B87923A4D27700D6D49F /* 3184.xcodeproj */;
				},
				{
					ProductGroup = DC705DB823BB13DB00AED1DB /* Products */;
					ProjectRef = DC705DB723BB13DB00AED1DB /* 4504.xcodeproj */;
				},
				{
					ProductGroup = DCFFA17F238CB3C200CC6B83 /* Products */;
					ProjectRef = DCFFA17E238CB3C200CC6B83 /* 5427.xcodeproj */;
				},
				{
					ProductGroup = DC0F57D523974C800035FA0B /* Products */;
					ProjectRef = DC0F57D423974C800035FA0B /* 5719.xcodeproj */;
				},
				{
					ProductGroup = DC75323A2390A20200D5BE44 /* Products */;
					ProjectRef = DC7532392390A20200D5BE44 /* 6593.xcodeproj */;
				},
				{
					ProductGroup = DC0F57A3239730780035FA0B /* Products */;
					ProjectRef = DC0F57A2239730780035FA0B /* 9205.xcodeproj */;
				},
				{
					ProductGroup = DCFFA198238CB3EB00CC6B83 /* Products */;
					ProjectRef = DCFFA197238CB3EB00CC6B83 /* 9372.xcodeproj */;
				},
				{
					ProductGroup = DC705E2223BB1A2900AED1DB /* Products */;
					ProjectRef = DC705E2123BB1A2900AED1DB /* 9506.xcodeproj */;
				},
			);
			projectRoot = "";
			targets = (
				DCFFA160238CB35E00CC6B83 /* Algorithm */,
			);
		};
/* End PBXProject section */

/* Begin PBXReferenceProxy section */
		DC063D8223B3792E00ED37D4 /* 2668 */ = {
			isa = PBXReferenceProxy;
			fileType = "compiled.mach-o.executable";
			path = 2668;
			remoteRef = DC063D8123B3792E00ED37D4 /* PBXContainerItemProxy */;
			sourceTree = BUILT_PRODUCTS_DIR;
		};
		DC063DA123B38B4000ED37D4 /* 2250 */ = {
			isa = PBXReferenceProxy;
			fileType = "compiled.mach-o.executable";
			path = 2250;
			remoteRef = DC063DA023B38B4000ED37D4 /* PBXContainerItemProxy */;
			sourceTree = BUILT_PRODUCTS_DIR;
		};
		DC09991723B5EAAB004D6DFB /* 2914 */ = {
			isa = PBXReferenceProxy;
			fileType = "compiled.mach-o.executable";
			path = 2914;
			remoteRef = DC09991623B5EAAB004D6DFB /* PBXContainerItemProxy */;
			sourceTree = BUILT_PRODUCTS_DIR;
		};
		DC0F57A7239730780035FA0B /* 9205 */ = {
			isa = PBXReferenceProxy;
			fileType = "compiled.mach-o.executable";
			path = 9205;
			remoteRef = DC0F57A6239730780035FA0B /* PBXContainerItemProxy */;
			sourceTree = BUILT_PRODUCTS_DIR;
		};
		DC0F57C0239734F40035FA0B /* 1939 */ = {
			isa = PBXReferenceProxy;
			fileType = "compiled.mach-o.executable";
			path = 1939;
			remoteRef = DC0F57BF239734F40035FA0B /* PBXContainerItemProxy */;
			sourceTree = BUILT_PRODUCTS_DIR;
		};
		DC0F57D923974C810035FA0B /* 5719 */ = {
			isa = PBXReferenceProxy;
			fileType = "compiled.mach-o.executable";
			path = 5719;
			remoteRef = DC0F57D823974C810035FA0B /* PBXContainerItemProxy */;
			sourceTree = BUILT_PRODUCTS_DIR;
		};
		DC13A67723B460910099BEAE /* 1300 */ = {
			isa = PBXReferenceProxy;
			fileType = "compiled.mach-o.executable";
			path = 1300;
			remoteRef = DC13A67623B460910099BEAE /* PBXContainerItemProxy */;
			sourceTree = BUILT_PRODUCTS_DIR;
		};
		DC13A69C23B469880099BEAE /* 3020 */ = {
			isa = PBXReferenceProxy;
			fileType = "compiled.mach-o.executable";
			path = 3020;
			remoteRef = DC13A69B23B469880099BEAE /* PBXContainerItemProxy */;
			sourceTree = BUILT_PRODUCTS_DIR;
		};
		DC705DD623BB13DC00AED1DB /* 4504 */ = {
			isa = PBXReferenceProxy;
			fileType = "compiled.mach-o.executable";
			path = 4504;
			remoteRef = DC705DD523BB13DC00AED1DB /* PBXContainerItemProxy */;
			sourceTree = BUILT_PRODUCTS_DIR;
		};
		DC705DF423BB166500AED1DB /* 1964 */ = {
			isa = PBXReferenceProxy;
			fileType = "compiled.mach-o.executable";
			path = 1964;
			remoteRef = DC705DF323BB166500AED1DB /* PBXContainerItemProxy */;
			sourceTree = BUILT_PRODUCTS_DIR;
		};
		DC705E0D23BB18F300AED1DB /* 1834 */ = {
			isa = PBXReferenceProxy;
			fileType = "compiled.mach-o.executable";
			path = 1834;
			remoteRef = DC705E0C23BB18F300AED1DB /* PBXContainerItemProxy */;
			sourceTree = BUILT_PRODUCTS_DIR;
		};
		DC705E2623BB1A2A00AED1DB /* 9506 */ = {
			isa = PBXReferenceProxy;
			fileType = "compiled.mach-o.executable";
			path = 9506;
			remoteRef = DC705E2523BB1A2A00AED1DB /* PBXContainerItemProxy */;
			sourceTree = BUILT_PRODUCTS_DIR;
		};
		DC705E3F23BB1DB000AED1DB /* 1024 */ = {
			isa = PBXReferenceProxy;
			fileType = "compiled.mach-o.executable";
			path = 1024;
			remoteRef = DC705E3E23BB1DB000AED1DB /* PBXContainerItemProxy */;
			sourceTree = BUILT_PRODUCTS_DIR;
		};
		DC75323E2390A20300D5BE44 /* 6593 */ = {
			isa = PBXReferenceProxy;
			fileType = "compiled.mach-o.executable";
			path = 6593;
			remoteRef = DC75323D2390A20300D5BE44 /* PBXContainerItemProxy */;
			sourceTree = BUILT_PRODUCTS_DIR;
		};
		DC7532572390AC6300D5BE44 /* 1613 */ = {
			isa = PBXReferenceProxy;
			fileType = "compiled.mach-o.executable";
			path = 1613;
			remoteRef = DC7532562390AC6300D5BE44 /* PBXContainerItemProxy */;
			sourceTree = BUILT_PRODUCTS_DIR;
		};
		DC7532702390B32200D5BE44 /* 1726 */ = {
			isa = PBXReferenceProxy;
			fileType = "compiled.mach-o.executable";
			path = 1726;
			remoteRef = DC75326F2390B32200D5BE44 /* PBXContainerItemProxy */;
			sourceTree = BUILT_PRODUCTS_DIR;
		};
		DC77B88223A4D27800D6D49F /* 3184 */ = {
			isa = PBXReferenceProxy;
			fileType = "compiled.mach-o.executable";
			path = 3184;
			remoteRef = DC77B88123A4D27800D6D49F /* PBXContainerItemProxy */;
			sourceTree = BUILT_PRODUCTS_DIR;
		};
		DC7C6C8223C455C400F5858B /* 2355 */ = {
			isa = PBXReferenceProxy;
			fileType = "compiled.mach-o.executable";
			path = 2355;
			remoteRef = DC7C6C8123C455C400F5858B /* PBXContainerItemProxy */;
			sourceTree = BUILT_PRODUCTS_DIR;
		};
		DC7C6CD123C45CED00F5858B /* 10569 */ = {
			isa = PBXReferenceProxy;
			fileType = "compiled.mach-o.executable";
			path = 10569;
			remoteRef = DC7C6CD023C45CED00F5858B /* PBXContainerItemProxy */;
			sourceTree = BUILT_PRODUCTS_DIR;
		};
		DC7C6D0C23C45D8200F5858B /* 2903 */ = {
			isa = PBXReferenceProxy;
			fileType = "compiled.mach-o.executable";
			path = 2903;
			remoteRef = DC7C6D0B23C45D8200F5858B /* PBXContainerItemProxy */;
			sourceTree = BUILT_PRODUCTS_DIR;
		};
		DC7C6D2523C460D900F5858B /* 1919 */ = {
			isa = PBXReferenceProxy;
			fileType = "compiled.mach-o.executable";
			path = 1919;
			remoteRef = DC7C6D2423C460D900F5858B /* PBXContainerItemProxy */;
			sourceTree = BUILT_PRODUCTS_DIR;
		};
		DC7C6D3E23C4630100F5858B /* 2921 */ = {
			isa = PBXReferenceProxy;
			fileType = "compiled.mach-o.executable";
			path = 2921;
			remoteRef = DC7C6D3D23C4630100F5858B /* PBXContainerItemProxy */;
			sourceTree = BUILT_PRODUCTS_DIR;
		};
		DC7C6D5723C4652400F5858B /* 1722 */ = {
			isa = PBXReferenceProxy;
			fileType = "compiled.mach-o.executable";
			path = 1722;
			remoteRef = DC7C6D5623C4652400F5858B /* PBXContainerItemProxy */;
			sourceTree = BUILT_PRODUCTS_DIR;
		};
		DC7C6D7023C46F4100F5858B /* 1138 */ = {
			isa = PBXReferenceProxy;
			fileType = "compiled.mach-o.executable";
			path = 1138;
			remoteRef = DC7C6D6F23C46F4100F5858B /* PBXContainerItemProxy */;
			sourceTree = BUILT_PRODUCTS_DIR;
		};
		DC7C6D8923C470EA00F5858B /* 1297 */ = {
			isa = PBXReferenceProxy;
			fileType = "compiled.mach-o.executable";
			path = 1297;
			remoteRef = DC7C6D8823C470EA00F5858B /* PBXContainerItemProxy */;
			sourceTree = BUILT_PRODUCTS_DIR;
		};
		DC7C6DA223C4737300F5858B /* 1267 */ = {
			isa = PBXReferenceProxy;
			fileType = "compiled.mach-o.executable";
			path = 1267;
			remoteRef = DC7C6DA123C4737300F5858B /* PBXContainerItemProxy */;
			sourceTree = BUILT_PRODUCTS_DIR;
		};
		DC85954523B9C41D0059DF7A /* 2965 */ = {
			isa = PBXReferenceProxy;
			fileType = "compiled.mach-o.executable";
			path = 2965;
			remoteRef = DC85954423B9C41D0059DF7A /* PBXContainerItemProxy */;
			sourceTree = BUILT_PRODUCTS_DIR;
		};
		DC85956523B9C69D0059DF7A /* 2864 */ = {
			isa = PBXReferenceProxy;
			fileType = "compiled.mach-o.executable";
			path = 2864;
			remoteRef = DC85956423B9C69D0059DF7A /* PBXContainerItemProxy */;
			sourceTree = BUILT_PRODUCTS_DIR;
		};
		DC85957E23B9C8840059DF7A /* 1629 */ = {
			isa = PBXReferenceProxy;
			fileType = "compiled.mach-o.executable";
			path = 1629;
			remoteRef = DC85957D23B9C8840059DF7A /* PBXContainerItemProxy */;
			sourceTree = BUILT_PRODUCTS_DIR;
		};
		DC85959723B9D0DF0059DF7A /* 1075 */ = {
			isa = PBXReferenceProxy;
			fileType = "compiled.mach-o.executable";
			path = 1075;
			remoteRef = DC85959623B9D0DF0059DF7A /* PBXContainerItemProxy */;
			sourceTree = BUILT_PRODUCTS_DIR;
		};
		DC8595B023B9D5D80059DF7A /* 1789 */ = {
			isa = PBXReferenceProxy;
			fileType = "compiled.mach-o.executable";
			path = 1789;
			remoteRef = DC8595AF23B9D5D80059DF7A /* PBXContainerItemProxy */;
			sourceTree = BUILT_PRODUCTS_DIR;
		};
		DC8595C923B9DB6B0059DF7A /* 1652 */ = {
			isa = PBXReferenceProxy;
			fileType = "compiled.mach-o.executable";
			path = 1652;
			remoteRef = DC8595C823B9DB6B0059DF7A /* PBXContainerItemProxy */;
			sourceTree = BUILT_PRODUCTS_DIR;
		};
		DC8595E223B9E17C0059DF7A /* 1357 */ = {
			isa = PBXReferenceProxy;
			fileType = "compiled.mach-o.executable";
			path = 1357;
			remoteRef = DC8595E123B9E17C0059DF7A /* PBXContainerItemProxy */;
			sourceTree = BUILT_PRODUCTS_DIR;
		};
		DC8595FB23B9E24F0059DF7A /* 2407 */ = {
			isa = PBXReferenceProxy;
			fileType = "compiled.mach-o.executable";
			path = 2407;
			remoteRef = DC8595FA23B9E24F0059DF7A /* PBXContainerItemProxy */;
			sourceTree = BUILT_PRODUCTS_DIR;
		};
		DC85961423B9F1040059DF7A /* 1016 */ = {
			isa = PBXReferenceProxy;
			fileType = "compiled.mach-o.executable";
			path = 1016;
			remoteRef = DC85961323B9F1040059DF7A /* PBXContainerItemProxy */;
			sourceTree = BUILT_PRODUCTS_DIR;
		};
		DCFDBDF523B5B00300C29B0C /* 1072 */ = {
			isa = PBXReferenceProxy;
			fileType = "compiled.mach-o.executable";
			path = 1072;
			remoteRef = DCFDBDF423B5B00300C29B0C /* PBXContainerItemProxy */;
			sourceTree = BUILT_PRODUCTS_DIR;
		};
		DCFDBE1C23B5B47300C29B0C /* 1037 */ = {
			isa = PBXReferenceProxy;
			fileType = "compiled.mach-o.executable";
			path = 1037;
			remoteRef = DCFDBE1B23B5B47300C29B0C /* PBXContainerItemProxy */;
			sourceTree = BUILT_PRODUCTS_DIR;
		};
		DCFDBE3523B5B5EA00C29B0C /* 1977 */ = {
			isa = PBXReferenceProxy;
			fileType = "compiled.mach-o.executable";
			path = 1977;
			remoteRef = DCFDBE3423B5B5EA00C29B0C /* PBXContainerItemProxy */;
			sourceTree = BUILT_PRODUCTS_DIR;
		};
		DCFDBE4E23B5B85400C29B0C /* 2010 */ = {
			isa = PBXReferenceProxy;
			fileType = "compiled.mach-o.executable";
			path = 2010;
			remoteRef = DCFDBE4D23B5B85400C29B0C /* PBXContainerItemProxy */;
			sourceTree = BUILT_PRODUCTS_DIR;
		};
		DCFDBE6723B5B97E00C29B0C /* 1057 */ = {
			isa = PBXReferenceProxy;
			fileType = "compiled.mach-o.executable";
			path = 1057;
			remoteRef = DCFDBE6623B5B97E00C29B0C /* PBXContainerItemProxy */;
			sourceTree = BUILT_PRODUCTS_DIR;
		};
		DCFDBE8023B5C68A00C29B0C /* 1076 */ = {
			isa = PBXReferenceProxy;
			fileType = "compiled.mach-o.executable";
			path = 1076;
			remoteRef = DCFDBE7F23B5C68A00C29B0C /* PBXContainerItemProxy */;
			sourceTree = BUILT_PRODUCTS_DIR;
		};
		DCFDBE9923B5CA6600C29B0C /* 1074 */ = {
			isa = PBXReferenceProxy;
			fileType = "compiled.mach-o.executable";
			path = 1074;
			remoteRef = DCFDBE9823B5CA6600C29B0C /* PBXContainerItemProxy */;
			sourceTree = BUILT_PRODUCTS_DIR;
		};
		DCFFA183238CB3C200CC6B83 /* 5427 */ = {
			isa = PBXReferenceProxy;
			fileType = "compiled.mach-o.executable";
			path = 5427;
			remoteRef = DCFFA182238CB3C200CC6B83 /* PBXContainerItemProxy */;
			sourceTree = BUILT_PRODUCTS_DIR;
		};
		DCFFA19C238CB3EC00CC6B83 /* 9372 */ = {
			isa = PBXReferenceProxy;
			fileType = "compiled.mach-o.executable";
			path = 9372;
			remoteRef = DCFFA19B238CB3EC00CC6B83 /* PBXContainerItemProxy */;
			sourceTree = BUILT_PRODUCTS_DIR;
		};
		DCFFA1B5238CC93100CC6B83 /* 15954 */ = {
			isa = PBXReferenceProxy;
			fileType = "compiled.mach-o.executable";
			path = 15954;
			remoteRef = DCFFA1B4238CC93100CC6B83 /* PBXContainerItemProxy */;
			sourceTree = BUILT_PRODUCTS_DIR;
		};
/* End PBXReferenceProxy section */

/* Begin PBXSourcesBuildPhase section */
		DCFFA15D238CB35E00CC6B83 /* Sources */ = {
			isa = PBXSourcesBuildPhase;
			buildActionMask = 2147483647;
			files = (
			);
			runOnlyForDeploymentPostprocessing = 0;
		};
/* End PBXSourcesBuildPhase section */

/* Begin XCBuildConfiguration section */
		DCFFA166238CB35E00CC6B83 /* Debug */ = {
			isa = XCBuildConfiguration;
			buildSettings = {
				ALWAYS_SEARCH_USER_PATHS = NO;
				CLANG_ANALYZER_NONNULL = YES;
				CLANG_ANALYZER_NUMBER_OBJECT_CONVERSION = YES_AGGRESSIVE;
				CLANG_CXX_LANGUAGE_STANDARD = "gnu++14";
				CLANG_CXX_LIBRARY = "libc++";
				CLANG_ENABLE_MODULES = YES;
				CLANG_ENABLE_OBJC_ARC = YES;
				CLANG_ENABLE_OBJC_WEAK = YES;
				CLANG_WARN_BLOCK_CAPTURE_AUTORELEASING = YES;
				CLANG_WARN_BOOL_CONVERSION = YES;
				CLANG_WARN_COMMA = YES;
				CLANG_WARN_CONSTANT_CONVERSION = YES;
				CLANG_WARN_DEPRECATED_OBJC_IMPLEMENTATIONS = YES;
				CLANG_WARN_DIRECT_OBJC_ISA_USAGE = YES_ERROR;
				CLANG_WARN_DOCUMENTATION_COMMENTS = YES;
				CLANG_WARN_EMPTY_BODY = YES;
				CLANG_WARN_ENUM_CONVERSION = YES;
				CLANG_WARN_INFINITE_RECURSION = YES;
				CLANG_WARN_INT_CONVERSION = YES;
				CLANG_WARN_NON_LITERAL_NULL_CONVERSION = YES;
				CLANG_WARN_OBJC_IMPLICIT_RETAIN_SELF = YES;
				CLANG_WARN_OBJC_LITERAL_CONVERSION = YES;
				CLANG_WARN_OBJC_ROOT_CLASS = YES_ERROR;
				CLANG_WARN_RANGE_LOOP_ANALYSIS = YES;
				CLANG_WARN_STRICT_PROTOTYPES = YES;
				CLANG_WARN_SUSPICIOUS_MOVE = YES;
				CLANG_WARN_UNGUARDED_AVAILABILITY = YES_AGGRESSIVE;
				CLANG_WARN_UNREACHABLE_CODE = YES;
				CLANG_WARN__DUPLICATE_METHOD_MATCH = YES;
				COPY_PHASE_STRIP = NO;
				DEBUG_INFORMATION_FORMAT = dwarf;
				ENABLE_STRICT_OBJC_MSGSEND = YES;
				ENABLE_TESTABILITY = YES;
				GCC_C_LANGUAGE_STANDARD = gnu11;
				GCC_DYNAMIC_NO_PIC = NO;
				GCC_NO_COMMON_BLOCKS = YES;
				GCC_OPTIMIZATION_LEVEL = 0;
				GCC_PREPROCESSOR_DEFINITIONS = (
					"DEBUG=1",
					"$(inherited)",
				);
				GCC_WARN_64_TO_32_BIT_CONVERSION = YES;
				GCC_WARN_ABOUT_RETURN_TYPE = YES_ERROR;
				GCC_WARN_UNDECLARED_SELECTOR = YES;
				GCC_WARN_UNINITIALIZED_AUTOS = YES_AGGRESSIVE;
				GCC_WARN_UNUSED_FUNCTION = YES;
				GCC_WARN_UNUSED_VARIABLE = YES;
				MACOSX_DEPLOYMENT_TARGET = 10.15;
				MTL_ENABLE_DEBUG_INFO = INCLUDE_SOURCE;
				MTL_FAST_MATH = YES;
				ONLY_ACTIVE_ARCH = YES;
				SDKROOT = macosx;
			};
			name = Debug;
		};
		DCFFA167238CB35E00CC6B83 /* Release */ = {
			isa = XCBuildConfiguration;
			buildSettings = {
				ALWAYS_SEARCH_USER_PATHS = NO;
				CLANG_ANALYZER_NONNULL = YES;
				CLANG_ANALYZER_NUMBER_OBJECT_CONVERSION = YES_AGGRESSIVE;
				CLANG_CXX_LANGUAGE_STANDARD = "gnu++14";
				CLANG_CXX_LIBRARY = "libc++";
				CLANG_ENABLE_MODULES = YES;
				CLANG_ENABLE_OBJC_ARC = YES;
				CLANG_ENABLE_OBJC_WEAK = YES;
				CLANG_WARN_BLOCK_CAPTURE_AUTORELEASING = YES;
				CLANG_WARN_BOOL_CONVERSION = YES;
				CLANG_WARN_COMMA = YES;
				CLANG_WARN_CONSTANT_CONVERSION = YES;
				CLANG_WARN_DEPRECATED_OBJC_IMPLEMENTATIONS = YES;
				CLANG_WARN_DIRECT_OBJC_ISA_USAGE = YES_ERROR;
				CLANG_WARN_DOCUMENTATION_COMMENTS = YES;
				CLANG_WARN_EMPTY_BODY = YES;
				CLANG_WARN_ENUM_CONVERSION = YES;
				CLANG_WARN_INFINITE_RECURSION = YES;
				CLANG_WARN_INT_CONVERSION = YES;
				CLANG_WARN_NON_LITERAL_NULL_CONVERSION = YES;
				CLANG_WARN_OBJC_IMPLICIT_RETAIN_SELF = YES;
				CLANG_WARN_OBJC_LITERAL_CONVERSION = YES;
				CLANG_WARN_OBJC_ROOT_CLASS = YES_ERROR;
				CLANG_WARN_RANGE_LOOP_ANALYSIS = YES;
				CLANG_WARN_STRICT_PROTOTYPES = YES;
				CLANG_WARN_SUSPICIOUS_MOVE = YES;
				CLANG_WARN_UNGUARDED_AVAILABILITY = YES_AGGRESSIVE;
				CLANG_WARN_UNREACHABLE_CODE = YES;
				CLANG_WARN__DUPLICATE_METHOD_MATCH = YES;
				COPY_PHASE_STRIP = NO;
				DEBUG_INFORMATION_FORMAT = "dwarf-with-dsym";
				ENABLE_NS_ASSERTIONS = NO;
				ENABLE_STRICT_OBJC_MSGSEND = YES;
				GCC_C_LANGUAGE_STANDARD = gnu11;
				GCC_NO_COMMON_BLOCKS = YES;
				GCC_WARN_64_TO_32_BIT_CONVERSION = YES;
				GCC_WARN_ABOUT_RETURN_TYPE = YES_ERROR;
				GCC_WARN_UNDECLARED_SELECTOR = YES;
				GCC_WARN_UNINITIALIZED_AUTOS = YES_AGGRESSIVE;
				GCC_WARN_UNUSED_FUNCTION = YES;
				GCC_WARN_UNUSED_VARIABLE = YES;
				MACOSX_DEPLOYMENT_TARGET = 10.15;
				MTL_ENABLE_DEBUG_INFO = NO;
				MTL_FAST_MATH = YES;
				SDKROOT = macosx;
			};
			name = Release;
		};
		DCFFA169238CB35E00CC6B83 /* Debug */ = {
			isa = XCBuildConfiguration;
			buildSettings = {
				CODE_SIGN_IDENTITY = "-";
				CODE_SIGN_STYLE = Automatic;
				DEVELOPMENT_TEAM = 9F9U65ZVT8;
				ENABLE_HARDENED_RUNTIME = YES;
				PRODUCT_NAME = "$(TARGET_NAME)";
			};
			name = Debug;
		};
		DCFFA16A238CB35E00CC6B83 /* Release */ = {
			isa = XCBuildConfiguration;
			buildSettings = {
				CODE_SIGN_IDENTITY = "-";
				CODE_SIGN_STYLE = Automatic;
				DEVELOPMENT_TEAM = 9F9U65ZVT8;
				ENABLE_HARDENED_RUNTIME = YES;
				PRODUCT_NAME = "$(TARGET_NAME)";
			};
			name = Release;
		};
/* End XCBuildConfiguration section */

/* Begin XCConfigurationList section */
		DCFFA15C238CB35E00CC6B83 /* Build configuration list for PBXProject "Algorithm" */ = {
			isa = XCConfigurationList;
			buildConfigurations = (
				DCFFA166238CB35E00CC6B83 /* Debug */,
				DCFFA167238CB35E00CC6B83 /* Release */,
			);
			defaultConfigurationIsVisible = 0;
			defaultConfigurationName = Release;
		};
		DCFFA168238CB35E00CC6B83 /* Build configuration list for PBXNativeTarget "Algorithm" */ = {
			isa = XCConfigurationList;
			buildConfigurations = (
				DCFFA169238CB35E00CC6B83 /* Debug */,
				DCFFA16A238CB35E00CC6B83 /* Release */,
			);
			defaultConfigurationIsVisible = 0;
			defaultConfigurationName = Release;
		};
/* End XCConfigurationList section */
	};
	rootObject = DCFFA159238CB35E00CC6B83 /* Project object */;
}
