// !$*UTF8*$!
{
	archiveVersion = 1;
	classes = {
	};
	objectVersion = 50;
	objects = {

/* Begin PBXContainerItemProxy section */
		DC063D8123B3792E00ED37D4 /* PBXContainerItemProxy */ = {
			isa = PBXContainerItemProxy;
			containerPortal = DC063D7923B3792D00ED37D4 /* 2668.xcodeproj */;
			proxyType = 2;
			remoteGlobalIDString = DC063D6F23B3792D00ED37D4;
			remoteInfo = 2668;
		};
		DC063DA023B38B4000ED37D4 /* PBXContainerItemProxy */ = {
			isa = PBXContainerItemProxy;
			containerPortal = DC063D9C23B38B3F00ED37D4 /* 2250.xcodeproj */;
			proxyType = 2;
			remoteGlobalIDString = DC063D9223B38B3F00ED37D4;
			remoteInfo = 2250;
		};
		DC0F57A6239730780035FA0B /* PBXContainerItemProxy */ = {
			isa = PBXContainerItemProxy;
			containerPortal = DC0F57A2239730780035FA0B /* 9205.xcodeproj */;
			proxyType = 2;
			remoteGlobalIDString = DC0F5798239730770035FA0B;
			remoteInfo = 9205;
		};
		DC0F57BF239734F40035FA0B /* PBXContainerItemProxy */ = {
			isa = PBXContainerItemProxy;
			containerPortal = DC0F57BB239734F30035FA0B /* 1939.xcodeproj */;
			proxyType = 2;
			remoteGlobalIDString = DC0F57B1239734F30035FA0B;
			remoteInfo = 1939;
		};
		DC0F57D823974C810035FA0B /* PBXContainerItemProxy */ = {
			isa = PBXContainerItemProxy;
			containerPortal = DC0F57D423974C800035FA0B /* 5719.xcodeproj */;
			proxyType = 2;
			remoteGlobalIDString = DC0F57CA23974C800035FA0B;
			remoteInfo = 5719;
		};
		DC75323D2390A20300D5BE44 /* PBXContainerItemProxy */ = {
			isa = PBXContainerItemProxy;
			containerPortal = DC7532392390A20200D5BE44 /* 6593.xcodeproj */;
			proxyType = 2;
			remoteGlobalIDString = DC75322F2390A20200D5BE44;
			remoteInfo = 6593;
		};
		DC7532562390AC6300D5BE44 /* PBXContainerItemProxy */ = {
			isa = PBXContainerItemProxy;
			containerPortal = DC7532522390AC6200D5BE44 /* 1613.xcodeproj */;
			proxyType = 2;
			remoteGlobalIDString = DC7532482390AC6200D5BE44;
			remoteInfo = 1613;
		};
		DC75326F2390B32200D5BE44 /* PBXContainerItemProxy */ = {
			isa = PBXContainerItemProxy;
			containerPortal = DC75326B2390B32100D5BE44 /* 1726.xcodeproj */;
			proxyType = 2;
			remoteGlobalIDString = DC7532612390B32100D5BE44;
			remoteInfo = 1726;
		};
		DC77B88123A4D27800D6D49F /* PBXContainerItemProxy */ = {
			isa = PBXContainerItemProxy;
			containerPortal = DC77B87923A4D27700D6D49F /* 3184.xcodeproj */;
			proxyType = 2;
			remoteGlobalIDString = DC77B86F23A4D27700D6D49F;
			remoteInfo = 3184;
		};
		DCFFA182238CB3C200CC6B83 /* PBXContainerItemProxy */ = {
			isa = PBXContainerItemProxy;
			containerPortal = DCFFA17E238CB3C200CC6B83 /* 5427.xcodeproj */;
			proxyType = 2;
			remoteGlobalIDString = DCFFA174238CB3C200CC6B83;
			remoteInfo = 5427;
		};
		DCFFA19B238CB3EC00CC6B83 /* PBXContainerItemProxy */ = {
			isa = PBXContainerItemProxy;
			containerPortal = DCFFA197238CB3EB00CC6B83 /* 9372.xcodeproj */;
			proxyType = 2;
			remoteGlobalIDString = DCFFA18D238CB3EB00CC6B83;
			remoteInfo = 9372;
		};
		DCFFA1B4238CC93100CC6B83 /* PBXContainerItemProxy */ = {
			isa = PBXContainerItemProxy;
			containerPortal = DCFFA1B0238CC93000CC6B83 /* 15954.xcodeproj */;
			proxyType = 2;
			remoteGlobalIDString = DCFFA1A6238CC93000CC6B83;
			remoteInfo = 15954;
		};
/* End PBXContainerItemProxy section */

/* Begin PBXCopyFilesBuildPhase section */
		DCFFA15F238CB35E00CC6B83 /* CopyFiles */ = {
			isa = PBXCopyFilesBuildPhase;
			buildActionMask = 2147483647;
			dstPath = /usr/share/man/man1/;
			dstSubfolderSpec = 0;
			files = (
			);
			runOnlyForDeploymentPostprocessing = 1;
		};
/* End PBXCopyFilesBuildPhase section */

/* Begin PBXFileReference section */
		DC063D7923B3792D00ED37D4 /* 2668.xcodeproj */ = {isa = PBXFileReference; lastKnownFileType = "wrapper.pb-project"; name = 2668.xcodeproj; path = 2668/2668.xcodeproj; sourceTree = "<group>"; };
		DC063D9C23B38B3F00ED37D4 /* 2250.xcodeproj */ = {isa = PBXFileReference; lastKnownFileType = "wrapper.pb-project"; name = 2250.xcodeproj; path = 2250/2250.xcodeproj; sourceTree = "<group>"; };
		DC0F5788239730480035FA0B /* Algorithm */ = {isa = PBXFileReference; explicitFileType = "compiled.mach-o.executable"; includeInIndex = 0; path = Algorithm; sourceTree = BUILT_PRODUCTS_DIR; };
		DC0F57A2239730780035FA0B /* 9205.xcodeproj */ = {isa = PBXFileReference; lastKnownFileType = "wrapper.pb-project"; name = 9205.xcodeproj; path = 9205/9205.xcodeproj; sourceTree = "<group>"; };
		DC0F57BB239734F30035FA0B /* 1939.xcodeproj */ = {isa = PBXFileReference; lastKnownFileType = "wrapper.pb-project"; name = 1939.xcodeproj; path = 1939/1939.xcodeproj; sourceTree = "<group>"; };
		DC0F57D423974C800035FA0B /* 5719.xcodeproj */ = {isa = PBXFileReference; lastKnownFileType = "wrapper.pb-project"; name = 5719.xcodeproj; path = 5719/5719.xcodeproj; sourceTree = "<group>"; };
		DC7532392390A20200D5BE44 /* 6593.xcodeproj */ = {isa = PBXFileReference; lastKnownFileType = "wrapper.pb-project"; name = 6593.xcodeproj; path = 6593/6593.xcodeproj; sourceTree = "<group>"; };
		DC7532522390AC6200D5BE44 /* 1613.xcodeproj */ = {isa = PBXFileReference; lastKnownFileType = "wrapper.pb-project"; name = 1613.xcodeproj; path = 1613/1613.xcodeproj; sourceTree = "<group>"; };
		DC75326B2390B32100D5BE44 /* 1726.xcodeproj */ = {isa = PBXFileReference; lastKnownFileType = "wrapper.pb-project"; name = 1726.xcodeproj; path = 1726/1726.xcodeproj; sourceTree = "<group>"; };
		DC77B87923A4D27700D6D49F /* 3184.xcodeproj */ = {isa = PBXFileReference; lastKnownFileType = "wrapper.pb-project"; name = 3184.xcodeproj; path = 3184/3184.xcodeproj; sourceTree = "<group>"; };
		DCFFA17E238CB3C200CC6B83 /* 5427.xcodeproj */ = {isa = PBXFileReference; lastKnownFileType = "wrapper.pb-project"; name = 5427.xcodeproj; path = 5427/5427.xcodeproj; sourceTree = "<group>"; };
		DCFFA197238CB3EB00CC6B83 /* 9372.xcodeproj */ = {isa = PBXFileReference; lastKnownFileType = "wrapper.pb-project"; name = 9372.xcodeproj; path = 9372/9372.xcodeproj; sourceTree = "<group>"; };
		DCFFA1B0238CC93000CC6B83 /* 15954.xcodeproj */ = {isa = PBXFileReference; lastKnownFileType = "wrapper.pb-project"; name = 15954.xcodeproj; path = 15954/15954.xcodeproj; sourceTree = "<group>"; };
/* End PBXFileReference section */

/* Begin PBXFrameworksBuildPhase section */
		DCFFA15E238CB35E00CC6B83 /* Frameworks */ = {
			isa = PBXFrameworksBuildPhase;
			buildActionMask = 2147483647;
			files = (
			);
			runOnlyForDeploymentPostprocessing = 0;
		};
/* End PBXFrameworksBuildPhase section */

/* Begin PBXGroup section */
		DC063D7A23B3792D00ED37D4 /* Products */ = {
			isa = PBXGroup;
			children = (
				DC063D8223B3792E00ED37D4 /* 2668 */,
			);
			name = Products;
			sourceTree = "<group>";
		};
		DC063D9D23B38B3F00ED37D4 /* Products */ = {
			isa = PBXGroup;
			children = (
				DC063DA123B38B4000ED37D4 /* 2250 */,
			);
			name = Products;
			sourceTree = "<group>";
		};
		DC0F57A3239730780035FA0B /* Products */ = {
			isa = PBXGroup;
			children = (
				DC0F57A7239730780035FA0B /* 9205 */,
			);
			name = Products;
			sourceTree = "<group>";
		};
		DC0F57BC239734F30035FA0B /* Products */ = {
			isa = PBXGroup;
			children = (
				DC0F57C0239734F40035FA0B /* 1939 */,
			);
			name = Products;
			sourceTree = "<group>";
		};
		DC0F57D523974C800035FA0B /* Products */ = {
			isa = PBXGroup;
			children = (
				DC0F57D923974C810035FA0B /* 5719 */,
			);
			name = Products;
			sourceTree = "<group>";
		};
		DC75323A2390A20200D5BE44 /* Products */ = {
			isa = PBXGroup;
			children = (
				DC75323E2390A20300D5BE44 /* 6593 */,
			);
			name = Products;
			sourceTree = "<group>";
		};
		DC7532532390AC6200D5BE44 /* Products */ = {
			isa = PBXGroup;
			children = (
				DC7532572390AC6300D5BE44 /* 1613 */,
			);
			name = Products;
			sourceTree = "<group>";
		};
		DC75326C2390B32100D5BE44 /* Products */ = {
			isa = PBXGroup;
			children = (
				DC7532702390B32200D5BE44 /* 1726 */,
			);
			name = Products;
			sourceTree = "<group>";
		};
		DC77B87A23A4D27700D6D49F /* Products */ = {
			isa = PBXGroup;
			children = (
				DC77B88223A4D27800D6D49F /* 3184 */,
			);
			name = Products;
			sourceTree = "<group>";
		};
		DCFFA158238CB35E00CC6B83 = {
			isa = PBXGroup;
			children = (
				DC063D9C23B38B3F00ED37D4 /* 2250.xcodeproj */,
				DC063D7923B3792D00ED37D4 /* 2668.xcodeproj */,
				DC77B87923A4D27700D6D49F /* 3184.xcodeproj */,
				DC0F57D423974C800035FA0B /* 5719.xcodeproj */,
				DC0F57BB239734F30035FA0B /* 1939.xcodeproj */,
				DC0F57A2239730780035FA0B /* 9205.xcodeproj */,
				DC75326B2390B32100D5BE44 /* 1726.xcodeproj */,
				DC7532522390AC6200D5BE44 /* 1613.xcodeproj */,
				DC7532392390A20200D5BE44 /* 6593.xcodeproj */,
				DCFFA1B0238CC93000CC6B83 /* 15954.xcodeproj */,
				DCFFA197238CB3EB00CC6B83 /* 9372.xcodeproj */,
				DCFFA17E238CB3C200CC6B83 /* 5427.xcodeproj */,
				DC0F5788239730480035FA0B /* Algorithm */,
			);
			sourceTree = "<group>";
		};
		DCFFA17F238CB3C200CC6B83 /* Products */ = {
			isa = PBXGroup;
			children = (
				DCFFA183238CB3C200CC6B83 /* 5427 */,
			);
			name = Products;
			sourceTree = "<group>";
		};
		DCFFA198238CB3EB00CC6B83 /* Products */ = {
			isa = PBXGroup;
			children = (
				DCFFA19C238CB3EC00CC6B83 /* 9372 */,
			);
			name = Products;
			sourceTree = "<group>";
		};
		DCFFA1B1238CC93000CC6B83 /* Products */ = {
			isa = PBXGroup;
			children = (
				DCFFA1B5238CC93100CC6B83 /* 15954 */,
			);
			name = Products;
			sourceTree = "<group>";
		};
/* End PBXGroup section */

/* Begin PBXNativeTarget section */
		DCFFA160238CB35E00CC6B83 /* Algorithm */ = {
			isa = PBXNativeTarget;
			buildConfigurationList = DCFFA168238CB35E00CC6B83 /* Build configuration list for PBXNativeTarget "Algorithm" */;
			buildPhases = (
				DCFFA15D238CB35E00CC6B83 /* Sources */,
				DCFFA15E238CB35E00CC6B83 /* Frameworks */,
				DCFFA15F238CB35E00CC6B83 /* CopyFiles */,
			);
			buildRules = (
			);
			dependencies = (
			);
			name = Algorithm;
			productName = Algorithm;
			productReference = DC0F5788239730480035FA0B /* Algorithm */;
			productType = "com.apple.product-type.tool";
		};
/* End PBXNativeTarget section */

/* Begin PBXProject section */
		DCFFA159238CB35E00CC6B83 /* Project object */ = {
			isa = PBXProject;
			attributes = {
				LastUpgradeCheck = 1120;
				ORGANIZATIONNAME = "진준호";
				TargetAttributes = {
					DCFFA160238CB35E00CC6B83 = {
						CreatedOnToolsVersion = 11.2.1;
					};
				};
			};
			buildConfigurationList = DCFFA15C238CB35E00CC6B83 /* Build configuration list for PBXProject "Algorithm" */;
			compatibilityVersion = "Xcode 9.3";
			developmentRegion = en;
			hasScannedForEncodings = 0;
			knownRegions = (
				en,
				Base,
			);
			mainGroup = DCFFA158238CB35E00CC6B83;
			productRefGroup = DCFFA158238CB35E00CC6B83;
			projectDirPath = "";
			projectReferences = (
				{
					ProductGroup = DCFFA1B1238CC93000CC6B83 /* Products */;
					ProjectRef = DCFFA1B0238CC93000CC6B83 /* 15954.xcodeproj */;
				},
				{
					ProductGroup = DC7532532390AC6200D5BE44 /* Products */;
					ProjectRef = DC7532522390AC6200D5BE44 /* 1613.xcodeproj */;
				},
				{
					ProductGroup = DC75326C2390B32100D5BE44 /* Products */;
					ProjectRef = DC75326B2390B32100D5BE44 /* 1726.xcodeproj */;
				},
				{
					ProductGroup = DC0F57BC239734F30035FA0B /* Products */;
					ProjectRef = DC0F57BB239734F30035FA0B /* 1939.xcodeproj */;
				},
				{
					ProductGroup = DC063D9D23B38B3F00ED37D4 /* Products */;
					ProjectRef = DC063D9C23B38B3F00ED37D4 /* 2250.xcodeproj */;
				},
				{
					ProductGroup = DC063D7A23B3792D00ED37D4 /* Products */;
					ProjectRef = DC063D7923B3792D00ED37D4 /* 2668.xcodeproj */;
				},
				{
					ProductGroup = DC77B87A23A4D27700D6D49F /* Products */;
					ProjectRef = DC77B87923A4D27700D6D49F /* 3184.xcodeproj */;
				},
				{
					ProductGroup = DCFFA17F238CB3C200CC6B83 /* Products */;
					ProjectRef = DCFFA17E238CB3C200CC6B83 /* 5427.xcodeproj */;
				},
				{
					ProductGroup = DC0F57D523974C800035FA0B /* Products */;
					ProjectRef = DC0F57D423974C800035FA0B /* 5719.xcodeproj */;
				},
				{
					ProductGroup = DC75323A2390A20200D5BE44 /* Products */;
					ProjectRef = DC7532392390A20200D5BE44 /* 6593.xcodeproj */;
				},
				{
					ProductGroup = DC0F57A3239730780035FA0B /* Products */;
					ProjectRef = DC0F57A2239730780035FA0B /* 9205.xcodeproj */;
				},
				{
					ProductGroup = DCFFA198238CB3EB00CC6B83 /* Products */;
					ProjectRef = DCFFA197238CB3EB00CC6B83 /* 9372.xcodeproj */;
				},
			);
			projectRoot = "";
			targets = (
				DCFFA160238CB35E00CC6B83 /* Algorithm */,
			);
		};
/* End PBXProject section */

/* Begin PBXReferenceProxy section */
		DC063D8223B3792E00ED37D4 /* 2668 */ = {
			isa = PBXReferenceProxy;
			fileType = "compiled.mach-o.executable";
			path = 2668;
			remoteRef = DC063D8123B3792E00ED37D4 /* PBXContainerItemProxy */;
			sourceTree = BUILT_PRODUCTS_DIR;
		};
		DC063DA123B38B4000ED37D4 /* 2250 */ = {
			isa = PBXReferenceProxy;
			fileType = "compiled.mach-o.executable";
			path = 2250;
			remoteRef = DC063DA023B38B4000ED37D4 /* PBXContainerItemProxy */;
			sourceTree = BUILT_PRODUCTS_DIR;
		};
		DC0F57A7239730780035FA0B /* 9205 */ = {
			isa = PBXReferenceProxy;
			fileType = "compiled.mach-o.executable";
			path = 9205;
			remoteRef = DC0F57A6239730780035FA0B /* PBXContainerItemProxy */;
			sourceTree = BUILT_PRODUCTS_DIR;
		};
		DC0F57C0239734F40035FA0B /* 1939 */ = {
			isa = PBXReferenceProxy;
			fileType = "compiled.mach-o.executable";
			path = 1939;
			remoteRef = DC0F57BF239734F40035FA0B /* PBXContainerItemProxy */;
			sourceTree = BUILT_PRODUCTS_DIR;
		};
		DC0F57D923974C810035FA0B /* 5719 */ = {
			isa = PBXReferenceProxy;
			fileType = "compiled.mach-o.executable";
			path = 5719;
			remoteRef = DC0F57D823974C810035FA0B /* PBXContainerItemProxy */;
			sourceTree = BUILT_PRODUCTS_DIR;
		};
		DC75323E2390A20300D5BE44 /* 6593 */ = {
			isa = PBXReferenceProxy;
			fileType = "compiled.mach-o.executable";
			path = 6593;
			remoteRef = DC75323D2390A20300D5BE44 /* PBXContainerItemProxy */;
			sourceTree = BUILT_PRODUCTS_DIR;
		};
		DC7532572390AC6300D5BE44 /* 1613 */ = {
			isa = PBXReferenceProxy;
			fileType = "compiled.mach-o.executable";
			path = 1613;
			remoteRef = DC7532562390AC6300D5BE44 /* PBXContainerItemProxy */;
			sourceTree = BUILT_PRODUCTS_DIR;
		};
		DC7532702390B32200D5BE44 /* 1726 */ = {
			isa = PBXReferenceProxy;
			fileType = "compiled.mach-o.executable";
			path = 1726;
			remoteRef = DC75326F2390B32200D5BE44 /* PBXContainerItemProxy */;
			sourceTree = BUILT_PRODUCTS_DIR;
		};
		DC77B88223A4D27800D6D49F /* 3184 */ = {
			isa = PBXReferenceProxy;
			fileType = "compiled.mach-o.executable";
			path = 3184;
			remoteRef = DC77B88123A4D27800D6D49F /* PBXContainerItemProxy */;
			sourceTree = BUILT_PRODUCTS_DIR;
		};
		DCFFA183238CB3C200CC6B83 /* 5427 */ = {
			isa = PBXReferenceProxy;
			fileType = "compiled.mach-o.executable";
			path = 5427;
			remoteRef = DCFFA182238CB3C200CC6B83 /* PBXContainerItemProxy */;
			sourceTree = BUILT_PRODUCTS_DIR;
		};
		DCFFA19C238CB3EC00CC6B83 /* 9372 */ = {
			isa = PBXReferenceProxy;
			fileType = "compiled.mach-o.executable";
			path = 9372;
			remoteRef = DCFFA19B238CB3EC00CC6B83 /* PBXContainerItemProxy */;
			sourceTree = BUILT_PRODUCTS_DIR;
		};
		DCFFA1B5238CC93100CC6B83 /* 15954 */ = {
			isa = PBXReferenceProxy;
			fileType = "compiled.mach-o.executable";
			path = 15954;
			remoteRef = DCFFA1B4238CC93100CC6B83 /* PBXContainerItemProxy */;
			sourceTree = BUILT_PRODUCTS_DIR;
		};
/* End PBXReferenceProxy section */

/* Begin PBXSourcesBuildPhase section */
		DCFFA15D238CB35E00CC6B83 /* Sources */ = {
			isa = PBXSourcesBuildPhase;
			buildActionMask = 2147483647;
			files = (
			);
			runOnlyForDeploymentPostprocessing = 0;
		};
/* End PBXSourcesBuildPhase section */

/* Begin XCBuildConfiguration section */
		DCFFA166238CB35E00CC6B83 /* Debug */ = {
			isa = XCBuildConfiguration;
			buildSettings = {
				ALWAYS_SEARCH_USER_PATHS = NO;
				CLANG_ANALYZER_NONNULL = YES;
				CLANG_ANALYZER_NUMBER_OBJECT_CONVERSION = YES_AGGRESSIVE;
				CLANG_CXX_LANGUAGE_STANDARD = "gnu++14";
				CLANG_CXX_LIBRARY = "libc++";
				CLANG_ENABLE_MODULES = YES;
				CLANG_ENABLE_OBJC_ARC = YES;
				CLANG_ENABLE_OBJC_WEAK = YES;
				CLANG_WARN_BLOCK_CAPTURE_AUTORELEASING = YES;
				CLANG_WARN_BOOL_CONVERSION = YES;
				CLANG_WARN_COMMA = YES;
				CLANG_WARN_CONSTANT_CONVERSION = YES;
				CLANG_WARN_DEPRECATED_OBJC_IMPLEMENTATIONS = YES;
				CLANG_WARN_DIRECT_OBJC_ISA_USAGE = YES_ERROR;
				CLANG_WARN_DOCUMENTATION_COMMENTS = YES;
				CLANG_WARN_EMPTY_BODY = YES;
				CLANG_WARN_ENUM_CONVERSION = YES;
				CLANG_WARN_INFINITE_RECURSION = YES;
				CLANG_WARN_INT_CONVERSION = YES;
				CLANG_WARN_NON_LITERAL_NULL_CONVERSION = YES;
				CLANG_WARN_OBJC_IMPLICIT_RETAIN_SELF = YES;
				CLANG_WARN_OBJC_LITERAL_CONVERSION = YES;
				CLANG_WARN_OBJC_ROOT_CLASS = YES_ERROR;
				CLANG_WARN_RANGE_LOOP_ANALYSIS = YES;
				CLANG_WARN_STRICT_PROTOTYPES = YES;
				CLANG_WARN_SUSPICIOUS_MOVE = YES;
				CLANG_WARN_UNGUARDED_AVAILABILITY = YES_AGGRESSIVE;
				CLANG_WARN_UNREACHABLE_CODE = YES;
				CLANG_WARN__DUPLICATE_METHOD_MATCH = YES;
				COPY_PHASE_STRIP = NO;
				DEBUG_INFORMATION_FORMAT = dwarf;
				ENABLE_STRICT_OBJC_MSGSEND = YES;
				ENABLE_TESTABILITY = YES;
				GCC_C_LANGUAGE_STANDARD = gnu11;
				GCC_DYNAMIC_NO_PIC = NO;
				GCC_NO_COMMON_BLOCKS = YES;
				GCC_OPTIMIZATION_LEVEL = 0;
				GCC_PREPROCESSOR_DEFINITIONS = (
					"DEBUG=1",
					"$(inherited)",
				);
				GCC_WARN_64_TO_32_BIT_CONVERSION = YES;
				GCC_WARN_ABOUT_RETURN_TYPE = YES_ERROR;
				GCC_WARN_UNDECLARED_SELECTOR = YES;
				GCC_WARN_UNINITIALIZED_AUTOS = YES_AGGRESSIVE;
				GCC_WARN_UNUSED_FUNCTION = YES;
				GCC_WARN_UNUSED_VARIABLE = YES;
				MACOSX_DEPLOYMENT_TARGET = 10.15;
				MTL_ENABLE_DEBUG_INFO = INCLUDE_SOURCE;
				MTL_FAST_MATH = YES;
				ONLY_ACTIVE_ARCH = YES;
				SDKROOT = macosx;
			};
			name = Debug;
		};
		DCFFA167238CB35E00CC6B83 /* Release */ = {
			isa = XCBuildConfiguration;
			buildSettings = {
				ALWAYS_SEARCH_USER_PATHS = NO;
				CLANG_ANALYZER_NONNULL = YES;
				CLANG_ANALYZER_NUMBER_OBJECT_CONVERSION = YES_AGGRESSIVE;
				CLANG_CXX_LANGUAGE_STANDARD = "gnu++14";
				CLANG_CXX_LIBRARY = "libc++";
				CLANG_ENABLE_MODULES = YES;
				CLANG_ENABLE_OBJC_ARC = YES;
				CLANG_ENABLE_OBJC_WEAK = YES;
				CLANG_WARN_BLOCK_CAPTURE_AUTORELEASING = YES;
				CLANG_WARN_BOOL_CONVERSION = YES;
				CLANG_WARN_COMMA = YES;
				CLANG_WARN_CONSTANT_CONVERSION = YES;
				CLANG_WARN_DEPRECATED_OBJC_IMPLEMENTATIONS = YES;
				CLANG_WARN_DIRECT_OBJC_ISA_USAGE = YES_ERROR;
				CLANG_WARN_DOCUMENTATION_COMMENTS = YES;
				CLANG_WARN_EMPTY_BODY = YES;
				CLANG_WARN_ENUM_CONVERSION = YES;
				CLANG_WARN_INFINITE_RECURSION = YES;
				CLANG_WARN_INT_CONVERSION = YES;
				CLANG_WARN_NON_LITERAL_NULL_CONVERSION = YES;
				CLANG_WARN_OBJC_IMPLICIT_RETAIN_SELF = YES;
				CLANG_WARN_OBJC_LITERAL_CONVERSION = YES;
				CLANG_WARN_OBJC_ROOT_CLASS = YES_ERROR;
				CLANG_WARN_RANGE_LOOP_ANALYSIS = YES;
				CLANG_WARN_STRICT_PROTOTYPES = YES;
				CLANG_WARN_SUSPICIOUS_MOVE = YES;
				CLANG_WARN_UNGUARDED_AVAILABILITY = YES_AGGRESSIVE;
				CLANG_WARN_UNREACHABLE_CODE = YES;
				CLANG_WARN__DUPLICATE_METHOD_MATCH = YES;
				COPY_PHASE_STRIP = NO;
				DEBUG_INFORMATION_FORMAT = "dwarf-with-dsym";
				ENABLE_NS_ASSERTIONS = NO;
				ENABLE_STRICT_OBJC_MSGSEND = YES;
				GCC_C_LANGUAGE_STANDARD = gnu11;
				GCC_NO_COMMON_BLOCKS = YES;
				GCC_WARN_64_TO_32_BIT_CONVERSION = YES;
				GCC_WARN_ABOUT_RETURN_TYPE = YES_ERROR;
				GCC_WARN_UNDECLARED_SELECTOR = YES;
				GCC_WARN_UNINITIALIZED_AUTOS = YES_AGGRESSIVE;
				GCC_WARN_UNUSED_FUNCTION = YES;
				GCC_WARN_UNUSED_VARIABLE = YES;
				MACOSX_DEPLOYMENT_TARGET = 10.15;
				MTL_ENABLE_DEBUG_INFO = NO;
				MTL_FAST_MATH = YES;
				SDKROOT = macosx;
			};
			name = Release;
		};
		DCFFA169238CB35E00CC6B83 /* Debug */ = {
			isa = XCBuildConfiguration;
			buildSettings = {
				CODE_SIGN_STYLE = Automatic;
				DEVELOPMENT_TEAM = 9F9U65ZVT8;
				ENABLE_HARDENED_RUNTIME = YES;
				PRODUCT_NAME = "$(TARGET_NAME)";
			};
			name = Debug;
		};
		DCFFA16A238CB35E00CC6B83 /* Release */ = {
			isa = XCBuildConfiguration;
			buildSettings = {
				CODE_SIGN_STYLE = Automatic;
				DEVELOPMENT_TEAM = 9F9U65ZVT8;
				ENABLE_HARDENED_RUNTIME = YES;
				PRODUCT_NAME = "$(TARGET_NAME)";
			};
			name = Release;
		};
/* End XCBuildConfiguration section */

/* Begin XCConfigurationList section */
		DCFFA15C238CB35E00CC6B83 /* Build configuration list for PBXProject "Algorithm" */ = {
			isa = XCConfigurationList;
			buildConfigurations = (
				DCFFA166238CB35E00CC6B83 /* Debug */,
				DCFFA167238CB35E00CC6B83 /* Release */,
			);
			defaultConfigurationIsVisible = 0;
			defaultConfigurationName = Release;
		};
		DCFFA168238CB35E00CC6B83 /* Build configuration list for PBXNativeTarget "Algorithm" */ = {
			isa = XCConfigurationList;
			buildConfigurations = (
				DCFFA169238CB35E00CC6B83 /* Debug */,
				DCFFA16A238CB35E00CC6B83 /* Release */,
			);
			defaultConfigurationIsVisible = 0;
			defaultConfigurationName = Release;
		};
/* End XCConfigurationList section */
	};
	rootObject = DCFFA159238CB35E00CC6B83 /* Project object */;
}
