// !$*UTF8*$!
{
	archiveVersion = 1;
	classes = {
	};
	objectVersion = 50;
	objects = {

/* Begin PBXContainerItemProxy section */
		DC03BA8423F6617900EF53DF /* PBXContainerItemProxy */ = {
			isa = PBXContainerItemProxy;
			containerPortal = DC03BA7623F6617800EF53DF /* 1648.xcodeproj */;
			proxyType = 2;
			remoteGlobalIDString = DC03BA6C23F6617800EF53DF;
			remoteInfo = 1648;
		};
		DC226D6623FBADAA009E2377 /* PBXContainerItemProxy */ = {
			isa = PBXContainerItemProxy;
			containerPortal = DC226D5F23FBADA9009E2377 /* 1043.xcodeproj */;
			proxyType = 2;
			remoteGlobalIDString = DC226D5523FBADA9009E2377;
			remoteInfo = 1043;
		};
		DC226DAA23FBB8AE009E2377 /* PBXContainerItemProxy */ = {
			isa = PBXContainerItemProxy;
			containerPortal = DC226DA623FBB8AD009E2377 /* 3033.xcodeproj */;
			proxyType = 2;
			remoteGlobalIDString = DC226D9C23FBB8AD009E2377;
			remoteInfo = 3033;
		};
		DC343D4323FA6394006AAF02 /* PBXContainerItemProxy */ = {
			isa = PBXContainerItemProxy;
			containerPortal = DC343D2323FA6393006AAF02 /* 3933.xcodeproj */;
			proxyType = 2;
			remoteGlobalIDString = DC343D1923FA6393006AAF02;
			remoteInfo = 3933;
		};
		DC343D9B23FA6FB7006AAF02 /* PBXContainerItemProxy */ = {
			isa = PBXContainerItemProxy;
			containerPortal = DC343D9523FA6FB6006AAF02 /* 1028.xcodeproj */;
			proxyType = 2;
			remoteGlobalIDString = DC343D8B23FA6FB6006AAF02;
			remoteInfo = 1028;
		};
		DC4BC76823FF833A00077C84 /* PBXContainerItemProxy */ = {
			isa = PBXContainerItemProxy;
			containerPortal = DC4BC74F23FF833900077C84 /* 2300.xcodeproj */;
			proxyType = 2;
			remoteGlobalIDString = DC4BC74523FF833900077C84;
			remoteInfo = 2300;
		};
		DC50730123FCF6CB00ED56A0 /* PBXContainerItemProxy */ = {
			isa = PBXContainerItemProxy;
			containerPortal = DC5072EE23FCF6CA00ED56A0 /* 1727.xcodeproj */;
			proxyType = 2;
			remoteGlobalIDString = DC5072E423FCF6CA00ED56A0;
			remoteInfo = 1727;
		};
		DC57B67A23DFF9F200916352 /* PBXContainerItemProxy */ = {
			isa = PBXContainerItemProxy;
			containerPortal = DC57B67623DFF9F200916352 /* 1764.xcodeproj */;
			proxyType = 2;
			remoteGlobalIDString = DC57B66C23DFF9F200916352;
			remoteInfo = 1764;
		};
		DC57B69523DFFC0500916352 /* PBXContainerItemProxy */ = {
			isa = PBXContainerItemProxy;
			containerPortal = DC57B69123DFFC0400916352 /* 4153.xcodeproj */;
			proxyType = 2;
			remoteGlobalIDString = DC57B68723DFFC0400916352;
			remoteInfo = 4153;
		};
		DC57B6AE23DFFD4A00916352 /* PBXContainerItemProxy */ = {
			isa = PBXContainerItemProxy;
			containerPortal = DC57B6AA23DFFD4900916352 /* 2563.xcodeproj */;
			proxyType = 2;
			remoteGlobalIDString = DC57B6A023DFFD4900916352;
			remoteInfo = 2563;
		};
		DC57B6C723DFFF5B00916352 /* PBXContainerItemProxy */ = {
			isa = PBXContainerItemProxy;
			containerPortal = DC57B6C323DFFF5B00916352 /* 5597.xcodeproj */;
			proxyType = 2;
			remoteGlobalIDString = DC57B6B923DFFF5B00916352;
			remoteInfo = 5597;
		};
		DC57B6E023E0002000916352 /* PBXContainerItemProxy */ = {
			isa = PBXContainerItemProxy;
			containerPortal = DC57B6DC23E0001F00916352 /* 5063.xcodeproj */;
			proxyType = 2;
			remoteGlobalIDString = DC57B6D223E0001F00916352;
			remoteInfo = 5063;
		};
		DC57B6F923E0010300916352 /* PBXContainerItemProxy */ = {
			isa = PBXContainerItemProxy;
			containerPortal = DC57B6F523E0010200916352 /* 2822.xcodeproj */;
			proxyType = 2;
			remoteGlobalIDString = DC57B6EB23E0010200916352;
			remoteInfo = 2822;
		};
		DC57B71223E002E700916352 /* PBXContainerItemProxy */ = {
			isa = PBXContainerItemProxy;
			containerPortal = DC57B70E23E002E600916352 /* 5532.xcodeproj */;
			proxyType = 2;
			remoteGlobalIDString = DC57B70423E002E600916352;
			remoteInfo = 5532;
		};
		DC57B72B23E003F700916352 /* PBXContainerItemProxy */ = {
			isa = PBXContainerItemProxy;
			containerPortal = DC57B72723E003F600916352 /* 1748.xcodeproj */;
			proxyType = 2;
			remoteGlobalIDString = DC57B71D23E003F600916352;
			remoteInfo = 1748;
		};
		DC57B74423E006EA00916352 /* PBXContainerItemProxy */ = {
			isa = PBXContainerItemProxy;
			containerPortal = DC57B74023E006EA00916352 /* 1159.xcodeproj */;
			proxyType = 2;
			remoteGlobalIDString = DC57B73623E006EA00916352;
			remoteInfo = 1159;
		};
		DC57B75D23E0090700916352 /* PBXContainerItemProxy */ = {
			isa = PBXContainerItemProxy;
			containerPortal = DC57B75923E0090600916352 /* 10707.xcodeproj */;
			proxyType = 2;
			remoteGlobalIDString = DC57B74F23E0090600916352;
			remoteInfo = 10707;
		};
		DC57B77623E00AED00916352 /* PBXContainerItemProxy */ = {
			isa = PBXContainerItemProxy;
			containerPortal = DC57B77223E00AEC00916352 /* 8979.xcodeproj */;
			proxyType = 2;
			remoteGlobalIDString = DC57B76823E00AEC00916352;
			remoteInfo = 8979;
		};
		DC57B78F23E00E6F00916352 /* PBXContainerItemProxy */ = {
			isa = PBXContainerItemProxy;
			containerPortal = DC57B78B23E00E6F00916352 /* 5554.xcodeproj */;
			proxyType = 2;
			remoteGlobalIDString = DC57B78123E00E6F00916352;
			remoteInfo = 5554;
		};
		DC57B7A823E00F4A00916352 /* PBXContainerItemProxy */ = {
			isa = PBXContainerItemProxy;
			containerPortal = DC57B7A423E00F4900916352 /* 2935.xcodeproj */;
			proxyType = 2;
			remoteGlobalIDString = DC57B79A23E00F4900916352;
			remoteInfo = 2935;
		};
		DC57B7C123E0114100916352 /* PBXContainerItemProxy */ = {
			isa = PBXContainerItemProxy;
			containerPortal = DC57B7BD23E0114000916352 /* 12790.xcodeproj */;
			proxyType = 2;
			remoteGlobalIDString = DC57B7B323E0114000916352;
			remoteInfo = 12790;
		};
		DC57B7DA23E0130A00916352 /* PBXContainerItemProxy */ = {
			isa = PBXContainerItemProxy;
			containerPortal = DC57B7D623E0130900916352 /* 10984.xcodeproj */;
			proxyType = 2;
			remoteGlobalIDString = DC57B7CC23E0130900916352;
			remoteInfo = 10984;
		};
		DC57B7F323E0152E00916352 /* PBXContainerItemProxy */ = {
			isa = PBXContainerItemProxy;
			containerPortal = DC57B7EF23E0152D00916352 /* 5596.xcodeproj */;
			proxyType = 2;
			remoteGlobalIDString = DC57B7E523E0152D00916352;
			remoteInfo = 5596;
		};
		DC57B80C23E015B200916352 /* PBXContainerItemProxy */ = {
			isa = PBXContainerItemProxy;
			containerPortal = DC57B80823E015B100916352 /* 2851.xcodeproj */;
			proxyType = 2;
			remoteGlobalIDString = DC57B7FE23E015B100916352;
			remoteInfo = 2851;
		};
		DC57B82523E016D600916352 /* PBXContainerItemProxy */ = {
			isa = PBXContainerItemProxy;
			containerPortal = DC57B82123E016D600916352 /* 5567.xcodeproj */;
			proxyType = 2;
			remoteGlobalIDString = DC57B81723E016D600916352;
			remoteInfo = 5567;
		};
		DC57B83E23E01A7C00916352 /* PBXContainerItemProxy */ = {
			isa = PBXContainerItemProxy;
			containerPortal = DC57B83A23E01A7B00916352 /* 3034.xcodeproj */;
			proxyType = 2;
			remoteGlobalIDString = DC57B83023E01A7B00916352;
			remoteInfo = 3034;
		};
		DC57B85723E01C7400916352 /* PBXContainerItemProxy */ = {
			isa = PBXContainerItemProxy;
			containerPortal = DC57B85323E01C7300916352 /* 5576.xcodeproj */;
			proxyType = 2;
			remoteGlobalIDString = DC57B84923E01C7300916352;
			remoteInfo = 5576;
		};
		DC57B87023E01D7800916352 /* PBXContainerItemProxy */ = {
			isa = PBXContainerItemProxy;
			containerPortal = DC57B86C23E01D7700916352 /* 5032.xcodeproj */;
			proxyType = 2;
			remoteGlobalIDString = DC57B86223E01D7700916352;
			remoteInfo = 5032;
		};
		DC57B88923E01F7800916352 /* PBXContainerItemProxy */ = {
			isa = PBXContainerItemProxy;
			containerPortal = DC57B88523E01F7700916352 /* 5618.xcodeproj */;
			proxyType = 2;
			remoteGlobalIDString = DC57B87B23E01F7700916352;
			remoteInfo = 5618;
		};
		DC57B8A223E0227900916352 /* PBXContainerItemProxy */ = {
			isa = PBXContainerItemProxy;
			containerPortal = DC57B89E23E0227800916352 /* 2783.xcodeproj */;
			proxyType = 2;
			remoteGlobalIDString = DC57B89423E0227800916352;
			remoteInfo = 2783;
		};
		DC57B8BB23E023DA00916352 /* PBXContainerItemProxy */ = {
			isa = PBXContainerItemProxy;
			containerPortal = DC57B8B723E023DA00916352 /* 8320.xcodeproj */;
			proxyType = 2;
			remoteGlobalIDString = DC57B8AD23E023DA00916352;
			remoteInfo = 8320;
		};
		DC57B8D423E0251500916352 /* PBXContainerItemProxy */ = {
			isa = PBXContainerItemProxy;
			containerPortal = DC57B8D023E0251400916352 /* 1022.xcodeproj */;
			proxyType = 2;
			remoteGlobalIDString = DC57B8C623E0251400916352;
			remoteInfo = 1022;
		};
		DC5DC6FF23F3B2090042A762 /* PBXContainerItemProxy */ = {
			isa = PBXContainerItemProxy;
			containerPortal = DC5DC6F123F3B2080042A762 /* 1670.xcodeproj */;
			proxyType = 2;
			remoteGlobalIDString = DC5DC6E723F3B2080042A762;
			remoteInfo = 1670;
		};
		DC5DC73523F3B83C0042A762 /* PBXContainerItemProxy */ = {
			isa = PBXContainerItemProxy;
			containerPortal = DC5DC73123F3B83C0042A762 /* 5721.xcodeproj */;
			proxyType = 2;
			remoteGlobalIDString = DC5DC72723F3B83C0042A762;
			remoteInfo = 5721;
		};
		DC5DC76723F3CD370042A762 /* PBXContainerItemProxy */ = {
			isa = PBXContainerItemProxy;
			containerPortal = DC5DC76323F3CD370042A762 /* 1693.xcodeproj */;
			proxyType = 2;
			remoteGlobalIDString = DC5DC75923F3CD370042A762;
			remoteInfo = 1693;
		};
		DC5DC78023F3DF270042A762 /* PBXContainerItemProxy */ = {
			isa = PBXContainerItemProxy;
			containerPortal = DC5DC77C23F3DF260042A762 /* 4991.xcodeproj */;
			proxyType = 2;
			remoteGlobalIDString = DC5DC77223F3DF260042A762;
			remoteInfo = 4991;
		};
		DC6DB57A23F2826F007306E9 /* PBXContainerItemProxy */ = {
			isa = PBXContainerItemProxy;
			containerPortal = DC6DB56D23F2826E007306E9 /* 1344.xcodeproj */;
			proxyType = 2;
			remoteGlobalIDString = DC6DB56323F2826E007306E9;
			remoteInfo = 1344;
		};
		DC81DE7523DAA88C005E5E16 /* PBXContainerItemProxy */ = {
			isa = PBXContainerItemProxy;
			containerPortal = DC81DE7123DAA88B005E5E16 /* 2960.xcodeproj */;
			proxyType = 2;
			remoteGlobalIDString = DC81DE6723DAA88B005E5E16;
			remoteInfo = 2960;
		};
		DC81F8F523E1255500270147 /* PBXContainerItemProxy */ = {
			isa = PBXContainerItemProxy;
			containerPortal = DC81F8F023E1255400270147 /* 10539.xcodeproj */;
			proxyType = 2;
			remoteGlobalIDString = DC81F8E623E1255400270147;
			remoteInfo = 10539;
		};
		DC81F92823E126F400270147 /* PBXContainerItemProxy */ = {
			isa = PBXContainerItemProxy;
			containerPortal = DC81F92423E126F400270147 /* 2804.xcodeproj */;
			proxyType = 2;
			remoteGlobalIDString = DC81F91A23E126F400270147;
			remoteInfo = 2804;
		};
		DC81F94123E12BFD00270147 /* PBXContainerItemProxy */ = {
			isa = PBXContainerItemProxy;
			containerPortal = DC81F93D23E12BFC00270147 /* 5533.xcodeproj */;
			proxyType = 2;
			remoteGlobalIDString = DC81F93323E12BFC00270147;
			remoteInfo = 5533;
		};
		DC81F95A23E130ED00270147 /* PBXContainerItemProxy */ = {
			isa = PBXContainerItemProxy;
			containerPortal = DC81F95623E130EC00270147 /* 1103.xcodeproj */;
			proxyType = 2;
			remoteGlobalIDString = DC81F94C23E130EC00270147;
			remoteInfo = 1103;
		};
		DC81F97323E1457900270147 /* PBXContainerItemProxy */ = {
			isa = PBXContainerItemProxy;
			containerPortal = DC81F96F23E1457800270147 /* 11568.xcodeproj */;
			proxyType = 2;
			remoteGlobalIDString = DC81F96523E1457800270147;
			remoteInfo = 11568;
		};
		DC81F98C23E14FBE00270147 /* PBXContainerItemProxy */ = {
			isa = PBXContainerItemProxy;
			containerPortal = DC81F98823E14FBD00270147 /* 1947.xcodeproj */;
			proxyType = 2;
			remoteGlobalIDString = DC81F97E23E14FBD00270147;
			remoteInfo = 1947;
		};
		DC81F9A523E158A600270147 /* PBXContainerItemProxy */ = {
			isa = PBXContainerItemProxy;
			containerPortal = DC81F9A123E158A500270147 /* 2515.xcodeproj */;
			proxyType = 2;
			remoteGlobalIDString = DC81F99723E158A500270147;
			remoteInfo = 2515;
		};
		DC85BD3B23F103AC007CD93C /* PBXContainerItemProxy */ = {
			isa = PBXContainerItemProxy;
			containerPortal = DC85BD2C23F103AB007CD93C /* 1949.xcodeproj */;
			proxyType = 2;
			remoteGlobalIDString = DC85BD2223F103AB007CD93C;
			remoteInfo = 1949;
		};
		DC85BD6C23F10AC0007CD93C /* PBXContainerItemProxy */ = {
			isa = PBXContainerItemProxy;
			containerPortal = DC85BD6823F10ABF007CD93C /* 2306.xcodeproj */;
			proxyType = 2;
			remoteGlobalIDString = DC85BD5E23F10ABF007CD93C;
			remoteInfo = 2306;
		};
		DC85BD8523F11AAD007CD93C /* PBXContainerItemProxy */ = {
			isa = PBXContainerItemProxy;
			containerPortal = DC85BD8123F11AAC007CD93C /* 1006.xcodeproj */;
			proxyType = 2;
			remoteGlobalIDString = DC85BD7723F11AAC007CD93C;
			remoteInfo = 1006;
		};
		DCA6EE6D23DAAA2200A2035E /* PBXContainerItemProxy */ = {
			isa = PBXContainerItemProxy;
			containerPortal = DCA6EE6823DAAA2100A2035E /* 3954.xcodeproj */;
			proxyType = 2;
			remoteGlobalIDString = DCA6EE5E23DAAA2100A2035E;
			remoteInfo = 3954;
		};
		DCC06AB623E3C0AB009D4D50 /* PBXContainerItemProxy */ = {
			isa = PBXContainerItemProxy;
			containerPortal = DCC06AA723E3C0AA009D4D50 /* 2213.xcodeproj */;
			proxyType = 2;
			remoteGlobalIDString = DCC06A9D23E3C0AA009D4D50;
			remoteInfo = 2213;
		};
/* End PBXContainerItemProxy section */

/* Begin PBXFileReference section */
		DC03BA7623F6617800EF53DF /* 1648.xcodeproj */ = {isa = PBXFileReference; lastKnownFileType = "wrapper.pb-project"; name = 1648.xcodeproj; path = 1648/1648.xcodeproj; sourceTree = "<group>"; };
		DC226D5F23FBADA9009E2377 /* 1043.xcodeproj */ = {isa = PBXFileReference; lastKnownFileType = "wrapper.pb-project"; name = 1043.xcodeproj; path = 1043/1043.xcodeproj; sourceTree = "<group>"; };
		DC226DA623FBB8AD009E2377 /* 3033.xcodeproj */ = {isa = PBXFileReference; lastKnownFileType = "wrapper.pb-project"; name = 3033.xcodeproj; path = 3033/3033.xcodeproj; sourceTree = "<group>"; };
		DC343D2323FA6393006AAF02 /* 3933.xcodeproj */ = {isa = PBXFileReference; lastKnownFileType = "wrapper.pb-project"; name = 3933.xcodeproj; path = 3933/3933.xcodeproj; sourceTree = "<group>"; };
		DC343D9523FA6FB6006AAF02 /* 1028.xcodeproj */ = {isa = PBXFileReference; lastKnownFileType = "wrapper.pb-project"; name = 1028.xcodeproj; path = 1028/1028.xcodeproj; sourceTree = "<group>"; };
		DC4BC74F23FF833900077C84 /* 2300.xcodeproj */ = {isa = PBXFileReference; lastKnownFileType = "wrapper.pb-project"; name = 2300.xcodeproj; path = 2300/2300.xcodeproj; sourceTree = "<group>"; };
		DC5072EE23FCF6CA00ED56A0 /* 1727.xcodeproj */ = {isa = PBXFileReference; lastKnownFileType = "wrapper.pb-project"; name = 1727.xcodeproj; path = 1727/1727.xcodeproj; sourceTree = "<group>"; };
		DC57B67623DFF9F200916352 /* 1764.xcodeproj */ = {isa = PBXFileReference; lastKnownFileType = "wrapper.pb-project"; name = 1764.xcodeproj; path = 1764/1764.xcodeproj; sourceTree = "<group>"; };
		DC57B69123DFFC0400916352 /* 4153.xcodeproj */ = {isa = PBXFileReference; lastKnownFileType = "wrapper.pb-project"; name = 4153.xcodeproj; path = 4153/4153.xcodeproj; sourceTree = "<group>"; };
		DC57B6AA23DFFD4900916352 /* 2563.xcodeproj */ = {isa = PBXFileReference; lastKnownFileType = "wrapper.pb-project"; name = 2563.xcodeproj; path = 2563/2563.xcodeproj; sourceTree = "<group>"; };
		DC57B6C323DFFF5B00916352 /* 5597.xcodeproj */ = {isa = PBXFileReference; lastKnownFileType = "wrapper.pb-project"; name = 5597.xcodeproj; path = 5597/5597.xcodeproj; sourceTree = "<group>"; };
		DC57B6DC23E0001F00916352 /* 5063.xcodeproj */ = {isa = PBXFileReference; lastKnownFileType = "wrapper.pb-project"; name = 5063.xcodeproj; path = 5063/5063.xcodeproj; sourceTree = "<group>"; };
		DC57B6F523E0010200916352 /* 2822.xcodeproj */ = {isa = PBXFileReference; lastKnownFileType = "wrapper.pb-project"; name = 2822.xcodeproj; path = 2822/2822.xcodeproj; sourceTree = "<group>"; };
		DC57B70E23E002E600916352 /* 5532.xcodeproj */ = {isa = PBXFileReference; lastKnownFileType = "wrapper.pb-project"; name = 5532.xcodeproj; path = 5532/5532.xcodeproj; sourceTree = "<group>"; };
		DC57B72723E003F600916352 /* 1748.xcodeproj */ = {isa = PBXFileReference; lastKnownFileType = "wrapper.pb-project"; name = 1748.xcodeproj; path = 1748/1748.xcodeproj; sourceTree = "<group>"; };
		DC57B74023E006EA00916352 /* 1159.xcodeproj */ = {isa = PBXFileReference; lastKnownFileType = "wrapper.pb-project"; name = 1159.xcodeproj; path = 1159/1159.xcodeproj; sourceTree = "<group>"; };
		DC57B75923E0090600916352 /* 10707.xcodeproj */ = {isa = PBXFileReference; lastKnownFileType = "wrapper.pb-project"; name = 10707.xcodeproj; path = 10707/10707.xcodeproj; sourceTree = "<group>"; };
		DC57B77223E00AEC00916352 /* 8979.xcodeproj */ = {isa = PBXFileReference; lastKnownFileType = "wrapper.pb-project"; name = 8979.xcodeproj; path = 8979/8979.xcodeproj; sourceTree = "<group>"; };
		DC57B78B23E00E6F00916352 /* 5554.xcodeproj */ = {isa = PBXFileReference; lastKnownFileType = "wrapper.pb-project"; name = 5554.xcodeproj; path = 5554/5554.xcodeproj; sourceTree = "<group>"; };
		DC57B7A423E00F4900916352 /* 2935.xcodeproj */ = {isa = PBXFileReference; lastKnownFileType = "wrapper.pb-project"; name = 2935.xcodeproj; path = 2935/2935.xcodeproj; sourceTree = "<group>"; };
		DC57B7BD23E0114000916352 /* 12790.xcodeproj */ = {isa = PBXFileReference; lastKnownFileType = "wrapper.pb-project"; name = 12790.xcodeproj; path = 12790/12790.xcodeproj; sourceTree = "<group>"; };
		DC57B7D623E0130900916352 /* 10984.xcodeproj */ = {isa = PBXFileReference; lastKnownFileType = "wrapper.pb-project"; name = 10984.xcodeproj; path = 10984/10984.xcodeproj; sourceTree = "<group>"; };
		DC57B7EF23E0152D00916352 /* 5596.xcodeproj */ = {isa = PBXFileReference; lastKnownFileType = "wrapper.pb-project"; name = 5596.xcodeproj; path = 5596/5596.xcodeproj; sourceTree = "<group>"; };
		DC57B80823E015B100916352 /* 2851.xcodeproj */ = {isa = PBXFileReference; lastKnownFileType = "wrapper.pb-project"; name = 2851.xcodeproj; path = 2851/2851.xcodeproj; sourceTree = "<group>"; };
		DC57B82123E016D600916352 /* 5567.xcodeproj */ = {isa = PBXFileReference; lastKnownFileType = "wrapper.pb-project"; name = 5567.xcodeproj; path = 5567/5567.xcodeproj; sourceTree = "<group>"; };
		DC57B83A23E01A7B00916352 /* 3034.xcodeproj */ = {isa = PBXFileReference; lastKnownFileType = "wrapper.pb-project"; name = 3034.xcodeproj; path = 3034/3034.xcodeproj; sourceTree = "<group>"; };
		DC57B85323E01C7300916352 /* 5576.xcodeproj */ = {isa = PBXFileReference; lastKnownFileType = "wrapper.pb-project"; name = 5576.xcodeproj; path = 5576/5576.xcodeproj; sourceTree = "<group>"; };
		DC57B86C23E01D7700916352 /* 5032.xcodeproj */ = {isa = PBXFileReference; lastKnownFileType = "wrapper.pb-project"; name = 5032.xcodeproj; path = 5032/5032.xcodeproj; sourceTree = "<group>"; };
		DC57B88523E01F7700916352 /* 5618.xcodeproj */ = {isa = PBXFileReference; lastKnownFileType = "wrapper.pb-project"; name = 5618.xcodeproj; path = 5618/5618.xcodeproj; sourceTree = "<group>"; };
		DC57B89E23E0227800916352 /* 2783.xcodeproj */ = {isa = PBXFileReference; lastKnownFileType = "wrapper.pb-project"; name = 2783.xcodeproj; path = 2783/2783.xcodeproj; sourceTree = "<group>"; };
		DC57B8B723E023DA00916352 /* 8320.xcodeproj */ = {isa = PBXFileReference; lastKnownFileType = "wrapper.pb-project"; name = 8320.xcodeproj; path = 8320/8320.xcodeproj; sourceTree = "<group>"; };
		DC57B8D023E0251400916352 /* 1022.xcodeproj */ = {isa = PBXFileReference; lastKnownFileType = "wrapper.pb-project"; name = 1022.xcodeproj; path = 1022/1022.xcodeproj; sourceTree = "<group>"; };
		DC5DC6F123F3B2080042A762 /* 1670.xcodeproj */ = {isa = PBXFileReference; lastKnownFileType = "wrapper.pb-project"; name = 1670.xcodeproj; path = 1670/1670.xcodeproj; sourceTree = "<group>"; };
		DC5DC73123F3B83C0042A762 /* 5721.xcodeproj */ = {isa = PBXFileReference; lastKnownFileType = "wrapper.pb-project"; name = 5721.xcodeproj; path = 5721/5721.xcodeproj; sourceTree = "<group>"; };
		DC5DC76323F3CD370042A762 /* 1693.xcodeproj */ = {isa = PBXFileReference; lastKnownFileType = "wrapper.pb-project"; name = 1693.xcodeproj; path = 1693/1693.xcodeproj; sourceTree = "<group>"; };
		DC5DC77C23F3DF260042A762 /* 4991.xcodeproj */ = {isa = PBXFileReference; lastKnownFileType = "wrapper.pb-project"; name = 4991.xcodeproj; path = 4991/4991.xcodeproj; sourceTree = "<group>"; };
		DC6DB56D23F2826E007306E9 /* 1344.xcodeproj */ = {isa = PBXFileReference; lastKnownFileType = "wrapper.pb-project"; name = 1344.xcodeproj; path = 1344/1344.xcodeproj; sourceTree = "<group>"; };
		DC81DE7123DAA88B005E5E16 /* 2960.xcodeproj */ = {isa = PBXFileReference; lastKnownFileType = "wrapper.pb-project"; name = 2960.xcodeproj; path = 2960/2960.xcodeproj; sourceTree = "<group>"; };
		DC81F8F023E1255400270147 /* 10539.xcodeproj */ = {isa = PBXFileReference; lastKnownFileType = "wrapper.pb-project"; name = 10539.xcodeproj; path = 10539/10539.xcodeproj; sourceTree = "<group>"; };
		DC81F92423E126F400270147 /* 2804.xcodeproj */ = {isa = PBXFileReference; lastKnownFileType = "wrapper.pb-project"; name = 2804.xcodeproj; path = 2804/2804.xcodeproj; sourceTree = "<group>"; };
		DC81F93D23E12BFC00270147 /* 5533.xcodeproj */ = {isa = PBXFileReference; lastKnownFileType = "wrapper.pb-project"; name = 5533.xcodeproj; path = 5533/5533.xcodeproj; sourceTree = "<group>"; };
		DC81F95623E130EC00270147 /* 1103.xcodeproj */ = {isa = PBXFileReference; lastKnownFileType = "wrapper.pb-project"; name = 1103.xcodeproj; path = 1103/1103.xcodeproj; sourceTree = "<group>"; };
		DC81F96F23E1457800270147 /* 11568.xcodeproj */ = {isa = PBXFileReference; lastKnownFileType = "wrapper.pb-project"; name = 11568.xcodeproj; path = 11568/11568.xcodeproj; sourceTree = "<group>"; };
		DC81F98823E14FBD00270147 /* 1947.xcodeproj */ = {isa = PBXFileReference; lastKnownFileType = "wrapper.pb-project"; name = 1947.xcodeproj; path = 1947/1947.xcodeproj; sourceTree = "<group>"; };
		DC81F9A123E158A500270147 /* 2515.xcodeproj */ = {isa = PBXFileReference; lastKnownFileType = "wrapper.pb-project"; name = 2515.xcodeproj; path = 2515/2515.xcodeproj; sourceTree = "<group>"; };
		DC85BD2C23F103AB007CD93C /* 1949.xcodeproj */ = {isa = PBXFileReference; lastKnownFileType = "wrapper.pb-project"; name = 1949.xcodeproj; path = 1949/1949.xcodeproj; sourceTree = "<group>"; };
		DC85BD6823F10ABF007CD93C /* 2306.xcodeproj */ = {isa = PBXFileReference; lastKnownFileType = "wrapper.pb-project"; name = 2306.xcodeproj; path = 2306/2306.xcodeproj; sourceTree = "<group>"; };
		DC85BD8123F11AAC007CD93C /* 1006.xcodeproj */ = {isa = PBXFileReference; lastKnownFileType = "wrapper.pb-project"; name = 1006.xcodeproj; path = 1006/1006.xcodeproj; sourceTree = "<group>"; };
		DCA6EE6823DAAA2100A2035E /* 3954.xcodeproj */ = {isa = PBXFileReference; lastKnownFileType = "wrapper.pb-project"; name = 3954.xcodeproj; path = 3954/3954.xcodeproj; sourceTree = "<group>"; };
		DCC06AA723E3C0AA009D4D50 /* 2213.xcodeproj */ = {isa = PBXFileReference; lastKnownFileType = "wrapper.pb-project"; name = 2213.xcodeproj; path = 2213/2213.xcodeproj; sourceTree = "<group>"; };
/* End PBXFileReference section */

/* Begin PBXGroup section */
		DC03BA7723F6617800EF53DF /* Products */ = {
			isa = PBXGroup;
			children = (
				DC03BA8523F6617900EF53DF /* 1648 */,
			);
			name = Products;
			sourceTree = "<group>";
		};
		DC226D6023FBADA9009E2377 /* Products */ = {
			isa = PBXGroup;
			children = (
				DC226D6723FBADAA009E2377 /* 1043 */,
			);
			name = Products;
			sourceTree = "<group>";
		};
		DC226DA723FBB8AD009E2377 /* Products */ = {
			isa = PBXGroup;
			children = (
				DC226DAB23FBB8AE009E2377 /* 3033 */,
			);
			name = Products;
			sourceTree = "<group>";
		};
		DC343D2423FA6393006AAF02 /* Products */ = {
			isa = PBXGroup;
			children = (
				DC343D4423FA6394006AAF02 /* 3933 */,
			);
			name = Products;
			sourceTree = "<group>";
		};
		DC343D9623FA6FB6006AAF02 /* Products */ = {
			isa = PBXGroup;
			children = (
				DC343D9C23FA6FB7006AAF02 /* 1028 */,
			);
			name = Products;
			sourceTree = "<group>";
		};
		DC4BC75023FF833900077C84 /* Products */ = {
			isa = PBXGroup;
			children = (
				DC4BC76923FF833A00077C84 /* 2300 */,
			);
			name = Products;
			sourceTree = "<group>";
		};
		DC5072EF23FCF6CA00ED56A0 /* Products */ = {
			isa = PBXGroup;
			children = (
				DC50730223FCF6CB00ED56A0 /* 1727 */,
			);
			name = Products;
			sourceTree = "<group>";
		};
		DC57B67723DFF9F200916352 /* Products */ = {
			isa = PBXGroup;
			children = (
				DC57B67B23DFF9F200916352 /* 1764 */,
			);
			name = Products;
			sourceTree = "<group>";
		};
		DC57B69223DFFC0400916352 /* Products */ = {
			isa = PBXGroup;
			children = (
				DC57B69623DFFC0500916352 /* 4153 */,
			);
			name = Products;
			sourceTree = "<group>";
		};
		DC57B6AB23DFFD4900916352 /* Products */ = {
			isa = PBXGroup;
			children = (
				DC57B6AF23DFFD4A00916352 /* 2563 */,
			);
			name = Products;
			sourceTree = "<group>";
		};
		DC57B6C423DFFF5B00916352 /* Products */ = {
			isa = PBXGroup;
			children = (
				DC57B6C823DFFF5B00916352 /* 5597 */,
			);
			name = Products;
			sourceTree = "<group>";
		};
		DC57B6DD23E0001F00916352 /* Products */ = {
			isa = PBXGroup;
			children = (
				DC57B6E123E0002000916352 /* 5063 */,
			);
			name = Products;
			sourceTree = "<group>";
		};
		DC57B6F623E0010200916352 /* Products */ = {
			isa = PBXGroup;
			children = (
				DC57B6FA23E0010300916352 /* 2822 */,
			);
			name = Products;
			sourceTree = "<group>";
		};
		DC57B70F23E002E600916352 /* Products */ = {
			isa = PBXGroup;
			children = (
				DC57B71323E002E700916352 /* 5532 */,
			);
			name = Products;
			sourceTree = "<group>";
		};
		DC57B72823E003F600916352 /* Products */ = {
			isa = PBXGroup;
			children = (
				DC57B72C23E003F700916352 /* 1748 */,
			);
			name = Products;
			sourceTree = "<group>";
		};
		DC57B74123E006EA00916352 /* Products */ = {
			isa = PBXGroup;
			children = (
				DC57B74523E006EA00916352 /* 1159 */,
			);
			name = Products;
			sourceTree = "<group>";
		};
		DC57B75A23E0090600916352 /* Products */ = {
			isa = PBXGroup;
			children = (
				DC57B75E23E0090700916352 /* 10707 */,
			);
			name = Products;
			sourceTree = "<group>";
		};
		DC57B77323E00AEC00916352 /* Products */ = {
			isa = PBXGroup;
			children = (
				DC57B77723E00AED00916352 /* 8979 */,
			);
			name = Products;
			sourceTree = "<group>";
		};
		DC57B78C23E00E6F00916352 /* Products */ = {
			isa = PBXGroup;
			children = (
				DC57B79023E00E6F00916352 /* 5554 */,
			);
			name = Products;
			sourceTree = "<group>";
		};
		DC57B7A523E00F4900916352 /* Products */ = {
			isa = PBXGroup;
			children = (
				DC57B7A923E00F4A00916352 /* 2935 */,
			);
			name = Products;
			sourceTree = "<group>";
		};
		DC57B7BE23E0114000916352 /* Products */ = {
			isa = PBXGroup;
			children = (
				DC57B7C223E0114100916352 /* 12790 */,
			);
			name = Products;
			sourceTree = "<group>";
		};
		DC57B7D723E0130900916352 /* Products */ = {
			isa = PBXGroup;
			children = (
				DC57B7DB23E0130A00916352 /* 10984 */,
			);
			name = Products;
			sourceTree = "<group>";
		};
		DC57B7F023E0152D00916352 /* Products */ = {
			isa = PBXGroup;
			children = (
				DC57B7F423E0152E00916352 /* 5596 */,
			);
			name = Products;
			sourceTree = "<group>";
		};
		DC57B80923E015B100916352 /* Products */ = {
			isa = PBXGroup;
			children = (
				DC57B80D23E015B200916352 /* 2851 */,
			);
			name = Products;
			sourceTree = "<group>";
		};
		DC57B82223E016D600916352 /* Products */ = {
			isa = PBXGroup;
			children = (
				DC57B82623E016D600916352 /* 5567 */,
			);
			name = Products;
			sourceTree = "<group>";
		};
		DC57B83B23E01A7B00916352 /* Products */ = {
			isa = PBXGroup;
			children = (
				DC57B83F23E01A7C00916352 /* 3034 */,
			);
			name = Products;
			sourceTree = "<group>";
		};
		DC57B85423E01C7300916352 /* Products */ = {
			isa = PBXGroup;
			children = (
				DC57B85823E01C7400916352 /* 5576 */,
			);
			name = Products;
			sourceTree = "<group>";
		};
		DC57B86D23E01D7700916352 /* Products */ = {
			isa = PBXGroup;
			children = (
				DC57B87123E01D7800916352 /* 5032 */,
			);
			name = Products;
			sourceTree = "<group>";
		};
		DC57B88623E01F7700916352 /* Products */ = {
			isa = PBXGroup;
			children = (
				DC57B88A23E01F7800916352 /* 5618 */,
			);
			name = Products;
			sourceTree = "<group>";
		};
		DC57B89F23E0227800916352 /* Products */ = {
			isa = PBXGroup;
			children = (
				DC57B8A323E0227900916352 /* 2783 */,
			);
			name = Products;
			sourceTree = "<group>";
		};
		DC57B8B823E023DA00916352 /* Products */ = {
			isa = PBXGroup;
			children = (
				DC57B8BC23E023DA00916352 /* 8320 */,
			);
			name = Products;
			sourceTree = "<group>";
		};
		DC57B8D123E0251400916352 /* Products */ = {
			isa = PBXGroup;
			children = (
				DC57B8D523E0251500916352 /* 1022 */,
			);
			name = Products;
			sourceTree = "<group>";
		};
		DC5DC6F223F3B2080042A762 /* Products */ = {
			isa = PBXGroup;
			children = (
				DC5DC70023F3B2090042A762 /* 1670 */,
			);
			name = Products;
			sourceTree = "<group>";
		};
		DC5DC73223F3B83C0042A762 /* Products */ = {
			isa = PBXGroup;
			children = (
				DC5DC73623F3B83C0042A762 /* 5721 */,
			);
			name = Products;
			sourceTree = "<group>";
		};
		DC5DC76423F3CD370042A762 /* Products */ = {
			isa = PBXGroup;
			children = (
				DC5DC76823F3CD370042A762 /* 1693 */,
			);
			name = Products;
			sourceTree = "<group>";
		};
		DC5DC77D23F3DF260042A762 /* Products */ = {
			isa = PBXGroup;
			children = (
				DC5DC78123F3DF270042A762 /* 4991 */,
			);
			name = Products;
			sourceTree = "<group>";
		};
		DC6DB56E23F2826E007306E9 /* Products */ = {
			isa = PBXGroup;
			children = (
				DC6DB57B23F2826F007306E9 /* 1344 */,
			);
			name = Products;
			sourceTree = "<group>";
		};
		DC81DE5723DAA817005E5E16 = {
			isa = PBXGroup;
			children = (
				DC4BC74F23FF833900077C84 /* 2300.xcodeproj */,
				DC5072EE23FCF6CA00ED56A0 /* 1727.xcodeproj */,
				DC226DA623FBB8AD009E2377 /* 3033.xcodeproj */,
				DC226D5F23FBADA9009E2377 /* 1043.xcodeproj */,
				DC343D9523FA6FB6006AAF02 /* 1028.xcodeproj */,
				DC343D2323FA6393006AAF02 /* 3933.xcodeproj */,
				DC03BA7623F6617800EF53DF /* 1648.xcodeproj */,
				DC5DC77C23F3DF260042A762 /* 4991.xcodeproj */,
				DC5DC76323F3CD370042A762 /* 1693.xcodeproj */,
				DC5DC73123F3B83C0042A762 /* 5721.xcodeproj */,
				DC5DC6F123F3B2080042A762 /* 1670.xcodeproj */,
				DC6DB56D23F2826E007306E9 /* 1344.xcodeproj */,
				DC85BD8123F11AAC007CD93C /* 1006.xcodeproj */,
				DC85BD6823F10ABF007CD93C /* 2306.xcodeproj */,
				DC85BD2C23F103AB007CD93C /* 1949.xcodeproj */,
				DCC06AA723E3C0AA009D4D50 /* 2213.xcodeproj */,
				DC81F9A123E158A500270147 /* 2515.xcodeproj */,
				DC81F98823E14FBD00270147 /* 1947.xcodeproj */,
				DC81F96F23E1457800270147 /* 11568.xcodeproj */,
				DC81F95623E130EC00270147 /* 1103.xcodeproj */,
				DC81F93D23E12BFC00270147 /* 5533.xcodeproj */,
				DC81F92423E126F400270147 /* 2804.xcodeproj */,
				DC81F8F023E1255400270147 /* 10539.xcodeproj */,
				DC57B8D023E0251400916352 /* 1022.xcodeproj */,
				DC57B8B723E023DA00916352 /* 8320.xcodeproj */,
				DC57B89E23E0227800916352 /* 2783.xcodeproj */,
				DC57B88523E01F7700916352 /* 5618.xcodeproj */,
				DC57B86C23E01D7700916352 /* 5032.xcodeproj */,
				DC57B85323E01C7300916352 /* 5576.xcodeproj */,
				DC57B83A23E01A7B00916352 /* 3034.xcodeproj */,
				DC57B82123E016D600916352 /* 5567.xcodeproj */,
				DC57B80823E015B100916352 /* 2851.xcodeproj */,
				DC57B7EF23E0152D00916352 /* 5596.xcodeproj */,
				DC57B7D623E0130900916352 /* 10984.xcodeproj */,
				DC57B7BD23E0114000916352 /* 12790.xcodeproj */,
				DC57B7A423E00F4900916352 /* 2935.xcodeproj */,
				DC57B78B23E00E6F00916352 /* 5554.xcodeproj */,
				DC57B77223E00AEC00916352 /* 8979.xcodeproj */,
				DC57B75923E0090600916352 /* 10707.xcodeproj */,
				DC57B74023E006EA00916352 /* 1159.xcodeproj */,
				DC57B72723E003F600916352 /* 1748.xcodeproj */,
				DC57B70E23E002E600916352 /* 5532.xcodeproj */,
				DC57B6F523E0010200916352 /* 2822.xcodeproj */,
				DC57B6DC23E0001F00916352 /* 5063.xcodeproj */,
				DC57B6C323DFFF5B00916352 /* 5597.xcodeproj */,
				DC57B6AA23DFFD4900916352 /* 2563.xcodeproj */,
				DC57B69123DFFC0400916352 /* 4153.xcodeproj */,
				DC57B67623DFF9F200916352 /* 1764.xcodeproj */,
				DCA6EE6823DAAA2100A2035E /* 3954.xcodeproj */,
				DC81DE7123DAA88B005E5E16 /* 2960.xcodeproj */,
			);
			sourceTree = "<group>";
		};
		DC81DE7223DAA88B005E5E16 /* Products */ = {
			isa = PBXGroup;
			children = (
				DC81DE7623DAA88C005E5E16 /* 2960 */,
			);
			name = Products;
			sourceTree = "<group>";
		};
		DC81F8F123E1255400270147 /* Products */ = {
			isa = PBXGroup;
			children = (
				DC81F8F623E1255500270147 /* 10539 */,
			);
			name = Products;
			sourceTree = "<group>";
		};
		DC81F92523E126F400270147 /* Products */ = {
			isa = PBXGroup;
			children = (
				DC81F92923E126F400270147 /* 2804 */,
			);
			name = Products;
			sourceTree = "<group>";
		};
		DC81F93E23E12BFC00270147 /* Products */ = {
			isa = PBXGroup;
			children = (
				DC81F94223E12BFD00270147 /* 5533 */,
			);
			name = Products;
			sourceTree = "<group>";
		};
		DC81F95723E130EC00270147 /* Products */ = {
			isa = PBXGroup;
			children = (
				DC81F95B23E130ED00270147 /* 1103 */,
			);
			name = Products;
			sourceTree = "<group>";
		};
		DC81F97023E1457800270147 /* Products */ = {
			isa = PBXGroup;
			children = (
				DC81F97423E1457900270147 /* 11568 */,
			);
			name = Products;
			sourceTree = "<group>";
		};
		DC81F98923E14FBD00270147 /* Products */ = {
			isa = PBXGroup;
			children = (
				DC81F98D23E14FBE00270147 /* 1947 */,
			);
			name = Products;
			sourceTree = "<group>";
		};
		DC81F9A223E158A500270147 /* Products */ = {
			isa = PBXGroup;
			children = (
				DC81F9A623E158A600270147 /* 2515 */,
			);
			name = Products;
			sourceTree = "<group>";
		};
		DC85BD2D23F103AB007CD93C /* Products */ = {
			isa = PBXGroup;
			children = (
				DC85BD3C23F103AC007CD93C /* 1949 */,
			);
			name = Products;
			sourceTree = "<group>";
		};
		DC85BD6923F10ABF007CD93C /* Products */ = {
			isa = PBXGroup;
			children = (
				DC85BD6D23F10AC0007CD93C /* 2306 */,
			);
			name = Products;
			sourceTree = "<group>";
		};
		DC85BD8223F11AAC007CD93C /* Products */ = {
			isa = PBXGroup;
			children = (
				DC85BD8623F11AAD007CD93C /* 1006 */,
			);
			name = Products;
			sourceTree = "<group>";
		};
		DCA6EE6923DAAA2100A2035E /* Products */ = {
			isa = PBXGroup;
			children = (
				DCA6EE6E23DAAA2200A2035E /* 3954 */,
			);
			name = Products;
			sourceTree = "<group>";
		};
		DCC06AA823E3C0AA009D4D50 /* Products */ = {
			isa = PBXGroup;
			children = (
				DCC06AB723E3C0AB009D4D50 /* 2213 */,
			);
			name = Products;
			sourceTree = "<group>";
		};
/* End PBXGroup section */

/* Begin PBXProject section */
		DC81DE5823DAA817005E5E16 /* Project object */ = {
			isa = PBXProject;
			attributes = {
				LastUpgradeCheck = 1130;
			};
			buildConfigurationList = DC81DE5B23DAA817005E5E16 /* Build configuration list for PBXProject "Algorithm_2020" */;
			compatibilityVersion = "Xcode 9.3";
			developmentRegion = en;
			hasScannedForEncodings = 0;
			knownRegions = (
				en,
				Base,
			);
			mainGroup = DC81DE5723DAA817005E5E16;
			projectDirPath = "";
			projectReferences = (
				{
					ProductGroup = DC85BD8223F11AAC007CD93C /* Products */;
					ProjectRef = DC85BD8123F11AAC007CD93C /* 1006.xcodeproj */;
				},
				{
					ProductGroup = DC57B8D123E0251400916352 /* Products */;
					ProjectRef = DC57B8D023E0251400916352 /* 1022.xcodeproj */;
				},
				{
					ProductGroup = DC343D9623FA6FB6006AAF02 /* Products */;
					ProjectRef = DC343D9523FA6FB6006AAF02 /* 1028.xcodeproj */;
				},
				{
					ProductGroup = DC226D6023FBADA9009E2377 /* Products */;
					ProjectRef = DC226D5F23FBADA9009E2377 /* 1043.xcodeproj */;
				},
				{
					ProductGroup = DC81F8F123E1255400270147 /* Products */;
					ProjectRef = DC81F8F023E1255400270147 /* 10539.xcodeproj */;
				},
				{
					ProductGroup = DC57B75A23E0090600916352 /* Products */;
					ProjectRef = DC57B75923E0090600916352 /* 10707.xcodeproj */;
				},
				{
					ProductGroup = DC57B7D723E0130900916352 /* Products */;
					ProjectRef = DC57B7D623E0130900916352 /* 10984.xcodeproj */;
				},
				{
					ProductGroup = DC81F95723E130EC00270147 /* Products */;
					ProjectRef = DC81F95623E130EC00270147 /* 1103.xcodeproj */;
				},
				{
					ProductGroup = DC81F97023E1457800270147 /* Products */;
					ProjectRef = DC81F96F23E1457800270147 /* 11568.xcodeproj */;
				},
				{
					ProductGroup = DC57B74123E006EA00916352 /* Products */;
					ProjectRef = DC57B74023E006EA00916352 /* 1159.xcodeproj */;
				},
				{
					ProductGroup = DC57B7BE23E0114000916352 /* Products */;
					ProjectRef = DC57B7BD23E0114000916352 /* 12790.xcodeproj */;
				},
				{
					ProductGroup = DC6DB56E23F2826E007306E9 /* Products */;
					ProjectRef = DC6DB56D23F2826E007306E9 /* 1344.xcodeproj */;
				},
				{
					ProductGroup = DC03BA7723F6617800EF53DF /* Products */;
					ProjectRef = DC03BA7623F6617800EF53DF /* 1648.xcodeproj */;
				},
				{
					ProductGroup = DC5DC6F223F3B2080042A762 /* Products */;
					ProjectRef = DC5DC6F123F3B2080042A762 /* 1670.xcodeproj */;
				},
				{
					ProductGroup = DC5DC76423F3CD370042A762 /* Products */;
					ProjectRef = DC5DC76323F3CD370042A762 /* 1693.xcodeproj */;
				},
				{
					ProductGroup = DC5072EF23FCF6CA00ED56A0 /* Products */;
					ProjectRef = DC5072EE23FCF6CA00ED56A0 /* 1727.xcodeproj */;
				},
				{
					ProductGroup = DC57B72823E003F600916352 /* Products */;
					ProjectRef = DC57B72723E003F600916352 /* 1748.xcodeproj */;
				},
				{
					ProductGroup = DC57B67723DFF9F200916352 /* Products */;
					ProjectRef = DC57B67623DFF9F200916352 /* 1764.xcodeproj */;
				},
				{
					ProductGroup = DC81F98923E14FBD00270147 /* Products */;
					ProjectRef = DC81F98823E14FBD00270147 /* 1947.xcodeproj */;
				},
				{
					ProductGroup = DC85BD2D23F103AB007CD93C /* Products */;
					ProjectRef = DC85BD2C23F103AB007CD93C /* 1949.xcodeproj */;
				},
				{
					ProductGroup = DCC06AA823E3C0AA009D4D50 /* Products */;
					ProjectRef = DCC06AA723E3C0AA009D4D50 /* 2213.xcodeproj */;
				},
				{
					ProductGroup = DC4BC75023FF833900077C84 /* Products */;
					ProjectRef = DC4BC74F23FF833900077C84 /* 2300.xcodeproj */;
				},
				{
					ProductGroup = DC85BD6923F10ABF007CD93C /* Products */;
					ProjectRef = DC85BD6823F10ABF007CD93C /* 2306.xcodeproj */;
				},
				{
					ProductGroup = DC81F9A223E158A500270147 /* Products */;
					ProjectRef = DC81F9A123E158A500270147 /* 2515.xcodeproj */;
				},
				{
					ProductGroup = DC57B6AB23DFFD4900916352 /* Products */;
					ProjectRef = DC57B6AA23DFFD4900916352 /* 2563.xcodeproj */;
				},
				{
					ProductGroup = DC57B89F23E0227800916352 /* Products */;
					ProjectRef = DC57B89E23E0227800916352 /* 2783.xcodeproj */;
				},
				{
					ProductGroup = DC81F92523E126F400270147 /* Products */;
					ProjectRef = DC81F92423E126F400270147 /* 2804.xcodeproj */;
				},
				{
					ProductGroup = DC57B6F623E0010200916352 /* Products */;
					ProjectRef = DC57B6F523E0010200916352 /* 2822.xcodeproj */;
				},
				{
					ProductGroup = DC57B80923E015B100916352 /* Products */;
					ProjectRef = DC57B80823E015B100916352 /* 2851.xcodeproj */;
				},
				{
					ProductGroup = DC57B7A523E00F4900916352 /* Products */;
					ProjectRef = DC57B7A423E00F4900916352 /* 2935.xcodeproj */;
				},
				{
					ProductGroup = DC81DE7223DAA88B005E5E16 /* Products */;
					ProjectRef = DC81DE7123DAA88B005E5E16 /* 2960.xcodeproj */;
				},
				{
					ProductGroup = DC226DA723FBB8AD009E2377 /* Products */;
					ProjectRef = DC226DA623FBB8AD009E2377 /* 3033.xcodeproj */;
				},
				{
					ProductGroup = DC57B83B23E01A7B00916352 /* Products */;
					ProjectRef = DC57B83A23E01A7B00916352 /* 3034.xcodeproj */;
				},
				{
					ProductGroup = DC343D2423FA6393006AAF02 /* Products */;
					ProjectRef = DC343D2323FA6393006AAF02 /* 3933.xcodeproj */;
				},
				{
					ProductGroup = DCA6EE6923DAAA2100A2035E /* Products */;
					ProjectRef = DCA6EE6823DAAA2100A2035E /* 3954.xcodeproj */;
				},
				{
					ProductGroup = DC57B69223DFFC0400916352 /* Products */;
					ProjectRef = DC57B69123DFFC0400916352 /* 4153.xcodeproj */;
				},
				{
					ProductGroup = DC5DC77D23F3DF260042A762 /* Products */;
					ProjectRef = DC5DC77C23F3DF260042A762 /* 4991.xcodeproj */;
				},
				{
					ProductGroup = DC57B86D23E01D7700916352 /* Products */;
					ProjectRef = DC57B86C23E01D7700916352 /* 5032.xcodeproj */;
				},
				{
					ProductGroup = DC57B6DD23E0001F00916352 /* Products */;
					ProjectRef = DC57B6DC23E0001F00916352 /* 5063.xcodeproj */;
				},
				{
					ProductGroup = DC57B70F23E002E600916352 /* Products */;
					ProjectRef = DC57B70E23E002E600916352 /* 5532.xcodeproj */;
				},
				{
					ProductGroup = DC81F93E23E12BFC00270147 /* Products */;
					ProjectRef = DC81F93D23E12BFC00270147 /* 5533.xcodeproj */;
				},
				{
					ProductGroup = DC57B78C23E00E6F00916352 /* Products */;
					ProjectRef = DC57B78B23E00E6F00916352 /* 5554.xcodeproj */;
				},
				{
					ProductGroup = DC57B82223E016D600916352 /* Products */;
					ProjectRef = DC57B82123E016D600916352 /* 5567.xcodeproj */;
				},
				{
					ProductGroup = DC57B85423E01C7300916352 /* Products */;
					ProjectRef = DC57B85323E01C7300916352 /* 5576.xcodeproj */;
				},
				{
					ProductGroup = DC57B7F023E0152D00916352 /* Products */;
					ProjectRef = DC57B7EF23E0152D00916352 /* 5596.xcodeproj */;
				},
				{
					ProductGroup = DC57B6C423DFFF5B00916352 /* Products */;
					ProjectRef = DC57B6C323DFFF5B00916352 /* 5597.xcodeproj */;
				},
				{
					ProductGroup = DC57B88623E01F7700916352 /* Products */;
					ProjectRef = DC57B88523E01F7700916352 /* 5618.xcodeproj */;
				},
				{
					ProductGroup = DC5DC73223F3B83C0042A762 /* Products */;
					ProjectRef = DC5DC73123F3B83C0042A762 /* 5721.xcodeproj */;
				},
				{
					ProductGroup = DC57B8B823E023DA00916352 /* Products */;
					ProjectRef = DC57B8B723E023DA00916352 /* 8320.xcodeproj */;
				},
				{
					ProductGroup = DC57B77323E00AEC00916352 /* Products */;
					ProjectRef = DC57B77223E00AEC00916352 /* 8979.xcodeproj */;
				},
			);
			projectRoot = "";
			targets = (
			);
		};
/* End PBXProject section */

/* Begin PBXReferenceProxy section */
		DC03BA8523F6617900EF53DF /* 1648 */ = {
			isa = PBXReferenceProxy;
			fileType = "compiled.mach-o.executable";
			path = 1648;
			remoteRef = DC03BA8423F6617900EF53DF /* PBXContainerItemProxy */;
			sourceTree = BUILT_PRODUCTS_DIR;
		};
		DC226D6723FBADAA009E2377 /* 1043 */ = {
			isa = PBXReferenceProxy;
			fileType = "compiled.mach-o.executable";
			path = 1043;
			remoteRef = DC226D6623FBADAA009E2377 /* PBXContainerItemProxy */;
			sourceTree = BUILT_PRODUCTS_DIR;
		};
		DC226DAB23FBB8AE009E2377 /* 3033 */ = {
			isa = PBXReferenceProxy;
			fileType = "compiled.mach-o.executable";
			path = 3033;
			remoteRef = DC226DAA23FBB8AE009E2377 /* PBXContainerItemProxy */;
			sourceTree = BUILT_PRODUCTS_DIR;
		};
		DC343D4423FA6394006AAF02 /* 3933 */ = {
			isa = PBXReferenceProxy;
			fileType = "compiled.mach-o.executable";
			path = 3933;
			remoteRef = DC343D4323FA6394006AAF02 /* PBXContainerItemProxy */;
			sourceTree = BUILT_PRODUCTS_DIR;
		};
		DC343D9C23FA6FB7006AAF02 /* 1028 */ = {
			isa = PBXReferenceProxy;
			fileType = "compiled.mach-o.executable";
			path = 1028;
			remoteRef = DC343D9B23FA6FB7006AAF02 /* PBXContainerItemProxy */;
			sourceTree = BUILT_PRODUCTS_DIR;
		};
		DC4BC76923FF833A00077C84 /* 2300 */ = {
			isa = PBXReferenceProxy;
			fileType = "compiled.mach-o.executable";
			path = 2300;
			remoteRef = DC4BC76823FF833A00077C84 /* PBXContainerItemProxy */;
			sourceTree = BUILT_PRODUCTS_DIR;
		};
		DC50730223FCF6CB00ED56A0 /* 1727 */ = {
			isa = PBXReferenceProxy;
			fileType = "compiled.mach-o.executable";
			path = 1727;
			remoteRef = DC50730123FCF6CB00ED56A0 /* PBXContainerItemProxy */;
			sourceTree = BUILT_PRODUCTS_DIR;
		};
		DC57B67B23DFF9F200916352 /* 1764 */ = {
			isa = PBXReferenceProxy;
			fileType = "compiled.mach-o.executable";
			path = 1764;
			remoteRef = DC57B67A23DFF9F200916352 /* PBXContainerItemProxy */;
			sourceTree = BUILT_PRODUCTS_DIR;
		};
		DC57B69623DFFC0500916352 /* 4153 */ = {
			isa = PBXReferenceProxy;
			fileType = "compiled.mach-o.executable";
			path = 4153;
			remoteRef = DC57B69523DFFC0500916352 /* PBXContainerItemProxy */;
			sourceTree = BUILT_PRODUCTS_DIR;
		};
		DC57B6AF23DFFD4A00916352 /* 2563 */ = {
			isa = PBXReferenceProxy;
			fileType = "compiled.mach-o.executable";
			path = 2563;
			remoteRef = DC57B6AE23DFFD4A00916352 /* PBXContainerItemProxy */;
			sourceTree = BUILT_PRODUCTS_DIR;
		};
		DC57B6C823DFFF5B00916352 /* 5597 */ = {
			isa = PBXReferenceProxy;
			fileType = "compiled.mach-o.executable";
			path = 5597;
			remoteRef = DC57B6C723DFFF5B00916352 /* PBXContainerItemProxy */;
			sourceTree = BUILT_PRODUCTS_DIR;
		};
		DC57B6E123E0002000916352 /* 5063 */ = {
			isa = PBXReferenceProxy;
			fileType = "compiled.mach-o.executable";
			path = 5063;
			remoteRef = DC57B6E023E0002000916352 /* PBXContainerItemProxy */;
			sourceTree = BUILT_PRODUCTS_DIR;
		};
		DC57B6FA23E0010300916352 /* 2822 */ = {
			isa = PBXReferenceProxy;
			fileType = "compiled.mach-o.executable";
			path = 2822;
			remoteRef = DC57B6F923E0010300916352 /* PBXContainerItemProxy */;
			sourceTree = BUILT_PRODUCTS_DIR;
		};
		DC57B71323E002E700916352 /* 5532 */ = {
			isa = PBXReferenceProxy;
			fileType = "compiled.mach-o.executable";
			path = 5532;
			remoteRef = DC57B71223E002E700916352 /* PBXContainerItemProxy */;
			sourceTree = BUILT_PRODUCTS_DIR;
		};
		DC57B72C23E003F700916352 /* 1748 */ = {
			isa = PBXReferenceProxy;
			fileType = "compiled.mach-o.executable";
			path = 1748;
			remoteRef = DC57B72B23E003F700916352 /* PBXContainerItemProxy */;
			sourceTree = BUILT_PRODUCTS_DIR;
		};
		DC57B74523E006EA00916352 /* 1159 */ = {
			isa = PBXReferenceProxy;
			fileType = "compiled.mach-o.executable";
			path = 1159;
			remoteRef = DC57B74423E006EA00916352 /* PBXContainerItemProxy */;
			sourceTree = BUILT_PRODUCTS_DIR;
		};
		DC57B75E23E0090700916352 /* 10707 */ = {
			isa = PBXReferenceProxy;
			fileType = "compiled.mach-o.executable";
			path = 10707;
			remoteRef = DC57B75D23E0090700916352 /* PBXContainerItemProxy */;
			sourceTree = BUILT_PRODUCTS_DIR;
		};
		DC57B77723E00AED00916352 /* 8979 */ = {
			isa = PBXReferenceProxy;
			fileType = "compiled.mach-o.executable";
			path = 8979;
			remoteRef = DC57B77623E00AED00916352 /* PBXContainerItemProxy */;
			sourceTree = BUILT_PRODUCTS_DIR;
		};
		DC57B79023E00E6F00916352 /* 5554 */ = {
			isa = PBXReferenceProxy;
			fileType = "compiled.mach-o.executable";
			path = 5554;
			remoteRef = DC57B78F23E00E6F00916352 /* PBXContainerItemProxy */;
			sourceTree = BUILT_PRODUCTS_DIR;
		};
		DC57B7A923E00F4A00916352 /* 2935 */ = {
			isa = PBXReferenceProxy;
			fileType = "compiled.mach-o.executable";
			path = 2935;
			remoteRef = DC57B7A823E00F4A00916352 /* PBXContainerItemProxy */;
			sourceTree = BUILT_PRODUCTS_DIR;
		};
		DC57B7C223E0114100916352 /* 12790 */ = {
			isa = PBXReferenceProxy;
			fileType = "compiled.mach-o.executable";
			path = 12790;
			remoteRef = DC57B7C123E0114100916352 /* PBXContainerItemProxy */;
			sourceTree = BUILT_PRODUCTS_DIR;
		};
		DC57B7DB23E0130A00916352 /* 10984 */ = {
			isa = PBXReferenceProxy;
			fileType = "compiled.mach-o.executable";
			path = 10984;
			remoteRef = DC57B7DA23E0130A00916352 /* PBXContainerItemProxy */;
			sourceTree = BUILT_PRODUCTS_DIR;
		};
		DC57B7F423E0152E00916352 /* 5596 */ = {
			isa = PBXReferenceProxy;
			fileType = "compiled.mach-o.executable";
			path = 5596;
			remoteRef = DC57B7F323E0152E00916352 /* PBXContainerItemProxy */;
			sourceTree = BUILT_PRODUCTS_DIR;
		};
		DC57B80D23E015B200916352 /* 2851 */ = {
			isa = PBXReferenceProxy;
			fileType = "compiled.mach-o.executable";
			path = 2851;
			remoteRef = DC57B80C23E015B200916352 /* PBXContainerItemProxy */;
			sourceTree = BUILT_PRODUCTS_DIR;
		};
		DC57B82623E016D600916352 /* 5567 */ = {
			isa = PBXReferenceProxy;
			fileType = "compiled.mach-o.executable";
			path = 5567;
			remoteRef = DC57B82523E016D600916352 /* PBXContainerItemProxy */;
			sourceTree = BUILT_PRODUCTS_DIR;
		};
		DC57B83F23E01A7C00916352 /* 3034 */ = {
			isa = PBXReferenceProxy;
			fileType = "compiled.mach-o.executable";
			path = 3034;
			remoteRef = DC57B83E23E01A7C00916352 /* PBXContainerItemProxy */;
			sourceTree = BUILT_PRODUCTS_DIR;
		};
		DC57B85823E01C7400916352 /* 5576 */ = {
			isa = PBXReferenceProxy;
			fileType = "compiled.mach-o.executable";
			path = 5576;
			remoteRef = DC57B85723E01C7400916352 /* PBXContainerItemProxy */;
			sourceTree = BUILT_PRODUCTS_DIR;
		};
		DC57B87123E01D7800916352 /* 5032 */ = {
			isa = PBXReferenceProxy;
			fileType = "compiled.mach-o.executable";
			path = 5032;
			remoteRef = DC57B87023E01D7800916352 /* PBXContainerItemProxy */;
			sourceTree = BUILT_PRODUCTS_DIR;
		};
		DC57B88A23E01F7800916352 /* 5618 */ = {
			isa = PBXReferenceProxy;
			fileType = "compiled.mach-o.executable";
			path = 5618;
			remoteRef = DC57B88923E01F7800916352 /* PBXContainerItemProxy */;
			sourceTree = BUILT_PRODUCTS_DIR;
		};
		DC57B8A323E0227900916352 /* 2783 */ = {
			isa = PBXReferenceProxy;
			fileType = "compiled.mach-o.executable";
			path = 2783;
			remoteRef = DC57B8A223E0227900916352 /* PBXContainerItemProxy */;
			sourceTree = BUILT_PRODUCTS_DIR;
		};
		DC57B8BC23E023DA00916352 /* 8320 */ = {
			isa = PBXReferenceProxy;
			fileType = "compiled.mach-o.executable";
			path = 8320;
			remoteRef = DC57B8BB23E023DA00916352 /* PBXContainerItemProxy */;
			sourceTree = BUILT_PRODUCTS_DIR;
		};
		DC57B8D523E0251500916352 /* 1022 */ = {
			isa = PBXReferenceProxy;
			fileType = "compiled.mach-o.executable";
			path = 1022;
			remoteRef = DC57B8D423E0251500916352 /* PBXContainerItemProxy */;
			sourceTree = BUILT_PRODUCTS_DIR;
		};
		DC5DC70023F3B2090042A762 /* 1670 */ = {
			isa = PBXReferenceProxy;
			fileType = "compiled.mach-o.executable";
			path = 1670;
			remoteRef = DC5DC6FF23F3B2090042A762 /* PBXContainerItemProxy */;
			sourceTree = BUILT_PRODUCTS_DIR;
		};
		DC5DC73623F3B83C0042A762 /* 5721 */ = {
			isa = PBXReferenceProxy;
			fileType = "compiled.mach-o.executable";
			path = 5721;
			remoteRef = DC5DC73523F3B83C0042A762 /* PBXContainerItemProxy */;
			sourceTree = BUILT_PRODUCTS_DIR;
		};
		DC5DC76823F3CD370042A762 /* 1693 */ = {
			isa = PBXReferenceProxy;
			fileType = "compiled.mach-o.executable";
			path = 1693;
			remoteRef = DC5DC76723F3CD370042A762 /* PBXContainerItemProxy */;
			sourceTree = BUILT_PRODUCTS_DIR;
		};
		DC5DC78123F3DF270042A762 /* 4991 */ = {
			isa = PBXReferenceProxy;
			fileType = "compiled.mach-o.executable";
			path = 4991;
			remoteRef = DC5DC78023F3DF270042A762 /* PBXContainerItemProxy */;
			sourceTree = BUILT_PRODUCTS_DIR;
		};
		DC6DB57B23F2826F007306E9 /* 1344 */ = {
			isa = PBXReferenceProxy;
			fileType = "compiled.mach-o.executable";
			path = 1344;
			remoteRef = DC6DB57A23F2826F007306E9 /* PBXContainerItemProxy */;
			sourceTree = BUILT_PRODUCTS_DIR;
		};
		DC81DE7623DAA88C005E5E16 /* 2960 */ = {
			isa = PBXReferenceProxy;
			fileType = "compiled.mach-o.executable";
			path = 2960;
			remoteRef = DC81DE7523DAA88C005E5E16 /* PBXContainerItemProxy */;
			sourceTree = BUILT_PRODUCTS_DIR;
		};
		DC81F8F623E1255500270147 /* 10539 */ = {
			isa = PBXReferenceProxy;
			fileType = "compiled.mach-o.executable";
			path = 10539;
			remoteRef = DC81F8F523E1255500270147 /* PBXContainerItemProxy */;
			sourceTree = BUILT_PRODUCTS_DIR;
		};
		DC81F92923E126F400270147 /* 2804 */ = {
			isa = PBXReferenceProxy;
			fileType = "compiled.mach-o.executable";
			path = 2804;
			remoteRef = DC81F92823E126F400270147 /* PBXContainerItemProxy */;
			sourceTree = BUILT_PRODUCTS_DIR;
		};
		DC81F94223E12BFD00270147 /* 5533 */ = {
			isa = PBXReferenceProxy;
			fileType = "compiled.mach-o.executable";
			path = 5533;
			remoteRef = DC81F94123E12BFD00270147 /* PBXContainerItemProxy */;
			sourceTree = BUILT_PRODUCTS_DIR;
		};
		DC81F95B23E130ED00270147 /* 1103 */ = {
			isa = PBXReferenceProxy;
			fileType = "compiled.mach-o.executable";
			path = 1103;
			remoteRef = DC81F95A23E130ED00270147 /* PBXContainerItemProxy */;
			sourceTree = BUILT_PRODUCTS_DIR;
		};
		DC81F97423E1457900270147 /* 11568 */ = {
			isa = PBXReferenceProxy;
			fileType = "compiled.mach-o.executable";
			path = 11568;
			remoteRef = DC81F97323E1457900270147 /* PBXContainerItemProxy */;
			sourceTree = BUILT_PRODUCTS_DIR;
		};
		DC81F98D23E14FBE00270147 /* 1947 */ = {
			isa = PBXReferenceProxy;
			fileType = "compiled.mach-o.executable";
			path = 1947;
			remoteRef = DC81F98C23E14FBE00270147 /* PBXContainerItemProxy */;
			sourceTree = BUILT_PRODUCTS_DIR;
		};
		DC81F9A623E158A600270147 /* 2515 */ = {
			isa = PBXReferenceProxy;
			fileType = "compiled.mach-o.executable";
			path = 2515;
			remoteRef = DC81F9A523E158A600270147 /* PBXContainerItemProxy */;
			sourceTree = BUILT_PRODUCTS_DIR;
		};
		DC85BD3C23F103AC007CD93C /* 1949 */ = {
			isa = PBXReferenceProxy;
			fileType = "compiled.mach-o.executable";
			path = 1949;
			remoteRef = DC85BD3B23F103AC007CD93C /* PBXContainerItemProxy */;
			sourceTree = BUILT_PRODUCTS_DIR;
		};
		DC85BD6D23F10AC0007CD93C /* 2306 */ = {
			isa = PBXReferenceProxy;
			fileType = "compiled.mach-o.executable";
			path = 2306;
			remoteRef = DC85BD6C23F10AC0007CD93C /* PBXContainerItemProxy */;
			sourceTree = BUILT_PRODUCTS_DIR;
		};
		DC85BD8623F11AAD007CD93C /* 1006 */ = {
			isa = PBXReferenceProxy;
			fileType = "compiled.mach-o.executable";
			path = 1006;
			remoteRef = DC85BD8523F11AAD007CD93C /* PBXContainerItemProxy */;
			sourceTree = BUILT_PRODUCTS_DIR;
		};
		DCA6EE6E23DAAA2200A2035E /* 3954 */ = {
			isa = PBXReferenceProxy;
			fileType = "compiled.mach-o.executable";
			path = 3954;
			remoteRef = DCA6EE6D23DAAA2200A2035E /* PBXContainerItemProxy */;
			sourceTree = BUILT_PRODUCTS_DIR;
		};
		DCC06AB723E3C0AB009D4D50 /* 2213 */ = {
			isa = PBXReferenceProxy;
			fileType = "compiled.mach-o.executable";
			path = 2213;
			remoteRef = DCC06AB623E3C0AB009D4D50 /* PBXContainerItemProxy */;
			sourceTree = BUILT_PRODUCTS_DIR;
		};
/* End PBXReferenceProxy section */

/* Begin XCBuildConfiguration section */
		DC81DE5C23DAA817005E5E16 /* Debug */ = {
			isa = XCBuildConfiguration;
			buildSettings = {
			};
			name = Debug;
		};
		DC81DE5D23DAA817005E5E16 /* Release */ = {
			isa = XCBuildConfiguration;
			buildSettings = {
			};
			name = Release;
		};
/* End XCBuildConfiguration section */

/* Begin XCConfigurationList section */
		DC81DE5B23DAA817005E5E16 /* Build configuration list for PBXProject "Algorithm_2020" */ = {
			isa = XCConfigurationList;
			buildConfigurations = (
				DC81DE5C23DAA817005E5E16 /* Debug */,
				DC81DE5D23DAA817005E5E16 /* Release */,
			);
			defaultConfigurationIsVisible = 0;
			defaultConfigurationName = Release;
		};
/* End XCConfigurationList section */
	};
	rootObject = DC81DE5823DAA817005E5E16 /* Project object */;
}
