// !$*UTF8*$!
{
	archiveVersion = 1;
	classes = {
	};
	objectVersion = 50;
	objects = {

/* Begin PBXGroup section */
		DC81DE5723DAA817005E5E16 = {
			isa = PBXGroup;
			children = (
			);
			sourceTree = "<group>";
		};
/* End PBXGroup section */

/* Begin PBXProject section */
		DC81DE5823DAA817005E5E16 /* Project object */ = {
			isa = PBXProject;
			attributes = {
				LastUpgradeCheck = 1130;
			};
			buildConfigurationList = DC81DE5B23DAA817005E5E16 /* Build configuration list for PBXProject "Algorithm_2020" */;
			compatibilityVersion = "Xcode 9.3";
			developmentRegion = en;
			hasScannedForEncodings = 0;
			knownRegions = (
				en,
				Base,
			);
			mainGroup = DC81DE5723DAA817005E5E16;
			projectDirPath = "";
			projectRoot = "";
			targets = (
			);
		};
/* End PBXProject section */

/* Begin XCBuildConfiguration section */
		DC81DE5C23DAA817005E5E16 /* Debug */ = {
			isa = XCBuildConfiguration;
			buildSettings = {
			};
			name = Debug;
		};
		DC81DE5D23DAA817005E5E16 /* Release */ = {
			isa = XCBuildConfiguration;
			buildSettings = {
			};
			name = Release;
		};
/* End XCBuildConfiguration section */

/* Begin XCConfigurationList section */
		DC81DE5B23DAA817005E5E16 /* Build configuration list for PBXProject "Algorithm_2020" */ = {
			isa = XCConfigurationList;
			buildConfigurations = (
				DC81DE5C23DAA817005E5E16 /* Debug */,
				DC81DE5D23DAA817005E5E16 /* Release */,
			);
			defaultConfigurationIsVisible = 0;
			defaultConfigurationName = Release;
		};
/* End XCConfigurationList section */
	};
	rootObject = DC81DE5823DAA817005E5E16 /* Project object */;
}
